// !$*UTF8*$!
{
	archiveVersion = 1;
	classes = {
	};
	objectVersion = 56;
	objects = {

/* Begin PBXBuildFile section */
		DB4E9E782B7BE7760074DAD5 /* CustomGradientView.swift in Sources */ = {isa = PBXBuildFile; fileRef = DB4E9E772B7BE7760074DAD5 /* CustomGradientView.swift */; };
		DBA37F952B78E63B00051C51 /* AppDelegate.swift in Sources */ = {isa = PBXBuildFile; fileRef = DBA37F942B78E63B00051C51 /* AppDelegate.swift */; };
		DBA37F972B78E63B00051C51 /* SceneDelegate.swift in Sources */ = {isa = PBXBuildFile; fileRef = DBA37F962B78E63B00051C51 /* SceneDelegate.swift */; };
		DBA37F9E2B78E63C00051C51 /* Assets.xcassets in Resources */ = {isa = PBXBuildFile; fileRef = DBA37F9D2B78E63C00051C51 /* Assets.xcassets */; };
		DBA37FAC2B78E63C00051C51 /* OzinsheDemo2Tests.swift in Sources */ = {isa = PBXBuildFile; fileRef = DBA37FAB2B78E63C00051C51 /* OzinsheDemo2Tests.swift */; };
		DBA37FB62B78E63C00051C51 /* OzinsheDemo2UITests.swift in Sources */ = {isa = PBXBuildFile; fileRef = DBA37FB52B78E63C00051C51 /* OzinsheDemo2UITests.swift */; };
		DBA37FB82B78E63C00051C51 /* OzinsheDemo2UITestsLaunchTests.swift in Sources */ = {isa = PBXBuildFile; fileRef = DBA37FB72B78E63C00051C51 /* OzinsheDemo2UITestsLaunchTests.swift */; };
		DBA37FC62B78E68300051C51 /* SwiftyJSON in Frameworks */ = {isa = PBXBuildFile; productRef = DBA37FC52B78E68300051C51 /* SwiftyJSON */; };
		DBA37FC92B78E6AA00051C51 /* Alamofire in Frameworks */ = {isa = PBXBuildFile; productRef = DBA37FC82B78E6AA00051C51 /* Alamofire */; };
		DBA37FCD2B78E9AD00051C51 /* SVProgressHUD in Frameworks */ = {isa = PBXBuildFile; productRef = DBA37FCC2B78E9AD00051C51 /* SVProgressHUD */; };
		DBA37FD22B78F0B700051C51 /* Localizable.xcstrings in Resources */ = {isa = PBXBuildFile; fileRef = DBA37FD12B78F0B700051C51 /* Localizable.xcstrings */; };
		DBA37FD52B79E86900051C51 /* Localize_Swift in Frameworks */ = {isa = PBXBuildFile; productRef = DBA37FD42B79E86900051C51 /* Localize_Swift */; };
		DBA37FDB2B79E99900051C51 /* SF-Pro-Display-Bold.otf in Resources */ = {isa = PBXBuildFile; fileRef = DBA37FD72B79E99900051C51 /* SF-Pro-Display-Bold.otf */; };
		DBA37FDC2B79E99900051C51 /* SF-Pro-Display-Regular.otf in Resources */ = {isa = PBXBuildFile; fileRef = DBA37FD82B79E99900051C51 /* SF-Pro-Display-Regular.otf */; };
		DBA37FDD2B79E99900051C51 /* SF-Pro-Display-Semibold.otf in Resources */ = {isa = PBXBuildFile; fileRef = DBA37FD92B79E99900051C51 /* SF-Pro-Display-Semibold.otf */; };
		DBA37FDE2B79E99900051C51 /* SF-Pro-Display-Medium.otf in Resources */ = {isa = PBXBuildFile; fileRef = DBA37FDA2B79E99900051C51 /* SF-Pro-Display-Medium.otf */; };
		DBA37FE52B79EA0B00051C51 /* OnboardingViewController.swift in Sources */ = {isa = PBXBuildFile; fileRef = DBA37FE42B79EA0B00051C51 /* OnboardingViewController.swift */; };
		DBA37FE82B79EABB00051C51 /* SnapKit in Frameworks */ = {isa = PBXBuildFile; productRef = DBA37FE72B79EABB00051C51 /* SnapKit */; };
		DBA37FEA2B79EAD100051C51 /* SnapKit-Dynamic in Frameworks */ = {isa = PBXBuildFile; productRef = DBA37FE92B79EAD100051C51 /* SnapKit-Dynamic */; };
		DBA37FEB2B79EAD100051C51 /* SnapKit-Dynamic in Embed Frameworks */ = {isa = PBXBuildFile; productRef = DBA37FE92B79EAD100051C51 /* SnapKit-Dynamic */; settings = {ATTRIBUTES = (CodeSignOnCopy, ); }; };
		DBA37FEE2B79EAE200051C51 /* SDWebImage in Frameworks */ = {isa = PBXBuildFile; productRef = DBA37FED2B79EAE200051C51 /* SDWebImage */; };
		DBA37FF02B79F70300051C51 /* Launch Screen.storyboard in Resources */ = {isa = PBXBuildFile; fileRef = DBA37FEF2B79F70300051C51 /* Launch Screen.storyboard */; };
		DBA37FF82B7A04CD00051C51 /* TabBarController.swift in Sources */ = {isa = PBXBuildFile; fileRef = DBA37FF72B7A04CD00051C51 /* TabBarController.swift */; };
		DBA37FFA2B7A05C000051C51 /* HomeViewController.swift in Sources */ = {isa = PBXBuildFile; fileRef = DBA37FF92B7A05C000051C51 /* HomeViewController.swift */; };
		DBA37FFC2B7A05D000051C51 /* SearchViewController.swift in Sources */ = {isa = PBXBuildFile; fileRef = DBA37FFB2B7A05D000051C51 /* SearchViewController.swift */; };
		DBA37FFE2B7A05DE00051C51 /* FavoritesViewController.swift in Sources */ = {isa = PBXBuildFile; fileRef = DBA37FFD2B7A05DE00051C51 /* FavoritesViewController.swift */; };
		DBA380002B7A05EB00051C51 /* ProfileViewController.swift in Sources */ = {isa = PBXBuildFile; fileRef = DBA37FFF2B7A05EB00051C51 /* ProfileViewController.swift */; };
		DBA380032B7A390A00051C51 /* SlidesCollectionViewCell.swift in Sources */ = {isa = PBXBuildFile; fileRef = DBA380022B7A390A00051C51 /* SlidesCollectionViewCell.swift */; };
		DBA380052B7A39B800051C51 /* Slides.swift in Sources */ = {isa = PBXBuildFile; fileRef = DBA380042B7A39B800051C51 /* Slides.swift */; };
		DBFDB7AF2B7C8A0700EA5C69 /* Grid.swift in Sources */ = {isa = PBXBuildFile; fileRef = DBFDB7AE2B7C8A0700EA5C69 /* Grid.swift */; };
		DBFDB7B12B7C8A1100EA5C69 /* Apperance.swift in Sources */ = {isa = PBXBuildFile; fileRef = DBFDB7B02B7C8A1100EA5C69 /* Apperance.swift */; };
		DBFDB7B72B7C933D00EA5C69 /* SignInViewController.swift in Sources */ = {isa = PBXBuildFile; fileRef = DBFDB7B62B7C933D00EA5C69 /* SignInViewController.swift */; };
		DBFDB7B92B7C9A6E00EA5C69 /* Textfield.swift in Sources */ = {isa = PBXBuildFile; fileRef = DBFDB7B82B7C9A6E00EA5C69 /* Textfield.swift */; };
/* End PBXBuildFile section */

/* Begin PBXContainerItemProxy section */
		DBA37FA82B78E63C00051C51 /* PBXContainerItemProxy */ = {
			isa = PBXContainerItemProxy;
			containerPortal = DBA37F892B78E63B00051C51 /* Project object */;
			proxyType = 1;
			remoteGlobalIDString = DBA37F902B78E63B00051C51;
			remoteInfo = OzinsheDemo2;
		};
		DBA37FB22B78E63C00051C51 /* PBXContainerItemProxy */ = {
			isa = PBXContainerItemProxy;
			containerPortal = DBA37F892B78E63B00051C51 /* Project object */;
			proxyType = 1;
			remoteGlobalIDString = DBA37F902B78E63B00051C51;
			remoteInfo = OzinsheDemo2;
		};
/* End PBXContainerItemProxy section */

/* Begin PBXCopyFilesBuildPhase section */
		DBA37FEC2B79EAD100051C51 /* Embed Frameworks */ = {
			isa = PBXCopyFilesBuildPhase;
			buildActionMask = 2147483647;
			dstPath = "";
			dstSubfolderSpec = 10;
			files = (
				DBA37FEB2B79EAD100051C51 /* SnapKit-Dynamic in Embed Frameworks */,
			);
			name = "Embed Frameworks";
			runOnlyForDeploymentPostprocessing = 0;
		};
/* End PBXCopyFilesBuildPhase section */

/* Begin PBXFileReference section */
		DB4E9E772B7BE7760074DAD5 /* CustomGradientView.swift */ = {isa = PBXFileReference; lastKnownFileType = sourcecode.swift; path = CustomGradientView.swift; sourceTree = "<group>"; };
		DBA37F912B78E63B00051C51 /* OzinsheDemo2.app */ = {isa = PBXFileReference; explicitFileType = wrapper.application; includeInIndex = 0; path = OzinsheDemo2.app; sourceTree = BUILT_PRODUCTS_DIR; };
		DBA37F942B78E63B00051C51 /* AppDelegate.swift */ = {isa = PBXFileReference; lastKnownFileType = sourcecode.swift; path = AppDelegate.swift; sourceTree = "<group>"; };
		DBA37F962B78E63B00051C51 /* SceneDelegate.swift */ = {isa = PBXFileReference; lastKnownFileType = sourcecode.swift; path = SceneDelegate.swift; sourceTree = "<group>"; };
		DBA37F9D2B78E63C00051C51 /* Assets.xcassets */ = {isa = PBXFileReference; lastKnownFileType = folder.assetcatalog; path = Assets.xcassets; sourceTree = "<group>"; };
		DBA37FA22B78E63C00051C51 /* Info.plist */ = {isa = PBXFileReference; lastKnownFileType = text.plist.xml; path = Info.plist; sourceTree = "<group>"; };
		DBA37FA72B78E63C00051C51 /* OzinsheDemo2Tests.xctest */ = {isa = PBXFileReference; explicitFileType = wrapper.cfbundle; includeInIndex = 0; path = OzinsheDemo2Tests.xctest; sourceTree = BUILT_PRODUCTS_DIR; };
		DBA37FAB2B78E63C00051C51 /* OzinsheDemo2Tests.swift */ = {isa = PBXFileReference; lastKnownFileType = sourcecode.swift; path = OzinsheDemo2Tests.swift; sourceTree = "<group>"; };
		DBA37FB12B78E63C00051C51 /* OzinsheDemo2UITests.xctest */ = {isa = PBXFileReference; explicitFileType = wrapper.cfbundle; includeInIndex = 0; path = OzinsheDemo2UITests.xctest; sourceTree = BUILT_PRODUCTS_DIR; };
		DBA37FB52B78E63C00051C51 /* OzinsheDemo2UITests.swift */ = {isa = PBXFileReference; lastKnownFileType = sourcecode.swift; path = OzinsheDemo2UITests.swift; sourceTree = "<group>"; };
		DBA37FB72B78E63C00051C51 /* OzinsheDemo2UITestsLaunchTests.swift */ = {isa = PBXFileReference; lastKnownFileType = sourcecode.swift; path = OzinsheDemo2UITestsLaunchTests.swift; sourceTree = "<group>"; };
		DBA37FD12B78F0B700051C51 /* Localizable.xcstrings */ = {isa = PBXFileReference; lastKnownFileType = text.json.xcstrings; path = Localizable.xcstrings; sourceTree = "<group>"; };
		DBA37FD72B79E99900051C51 /* SF-Pro-Display-Bold.otf */ = {isa = PBXFileReference; lastKnownFileType = file; path = "SF-Pro-Display-Bold.otf"; sourceTree = "<group>"; };
		DBA37FD82B79E99900051C51 /* SF-Pro-Display-Regular.otf */ = {isa = PBXFileReference; lastKnownFileType = file; path = "SF-Pro-Display-Regular.otf"; sourceTree = "<group>"; };
		DBA37FD92B79E99900051C51 /* SF-Pro-Display-Semibold.otf */ = {isa = PBXFileReference; lastKnownFileType = file; path = "SF-Pro-Display-Semibold.otf"; sourceTree = "<group>"; };
		DBA37FDA2B79E99900051C51 /* SF-Pro-Display-Medium.otf */ = {isa = PBXFileReference; lastKnownFileType = file; path = "SF-Pro-Display-Medium.otf"; sourceTree = "<group>"; };
		DBA37FE42B79EA0B00051C51 /* OnboardingViewController.swift */ = {isa = PBXFileReference; lastKnownFileType = sourcecode.swift; path = OnboardingViewController.swift; sourceTree = "<group>"; };
		DBA37FEF2B79F70300051C51 /* Launch Screen.storyboard */ = {isa = PBXFileReference; lastKnownFileType = file.storyboard; name = "Launch Screen.storyboard"; path = "Base.lproj/Launch Screen.storyboard"; sourceTree = "<group>"; };
		DBA37FF72B7A04CD00051C51 /* TabBarController.swift */ = {isa = PBXFileReference; lastKnownFileType = sourcecode.swift; path = TabBarController.swift; sourceTree = "<group>"; };
		DBA37FF92B7A05C000051C51 /* HomeViewController.swift */ = {isa = PBXFileReference; lastKnownFileType = sourcecode.swift; path = HomeViewController.swift; sourceTree = "<group>"; };
		DBA37FFB2B7A05D000051C51 /* SearchViewController.swift */ = {isa = PBXFileReference; lastKnownFileType = sourcecode.swift; path = SearchViewController.swift; sourceTree = "<group>"; };
		DBA37FFD2B7A05DE00051C51 /* FavoritesViewController.swift */ = {isa = PBXFileReference; lastKnownFileType = sourcecode.swift; path = FavoritesViewController.swift; sourceTree = "<group>"; };
		DBA37FFF2B7A05EB00051C51 /* ProfileViewController.swift */ = {isa = PBXFileReference; lastKnownFileType = sourcecode.swift; path = ProfileViewController.swift; sourceTree = "<group>"; };
		DBA380022B7A390A00051C51 /* SlidesCollectionViewCell.swift */ = {isa = PBXFileReference; lastKnownFileType = sourcecode.swift; path = SlidesCollectionViewCell.swift; sourceTree = "<group>"; };
		DBA380042B7A39B800051C51 /* Slides.swift */ = {isa = PBXFileReference; lastKnownFileType = sourcecode.swift; path = Slides.swift; sourceTree = "<group>"; };
		DBFDB7AE2B7C8A0700EA5C69 /* Grid.swift */ = {isa = PBXFileReference; lastKnownFileType = sourcecode.swift; path = Grid.swift; sourceTree = "<group>"; };
		DBFDB7B02B7C8A1100EA5C69 /* Apperance.swift */ = {isa = PBXFileReference; lastKnownFileType = sourcecode.swift; path = Apperance.swift; sourceTree = "<group>"; };
		DBFDB7B62B7C933D00EA5C69 /* SignInViewController.swift */ = {isa = PBXFileReference; lastKnownFileType = sourcecode.swift; path = SignInViewController.swift; sourceTree = "<group>"; };
		DBFDB7B82B7C9A6E00EA5C69 /* Textfield.swift */ = {isa = PBXFileReference; lastKnownFileType = sourcecode.swift; path = Textfield.swift; sourceTree = "<group>"; };
/* End PBXFileReference section */

/* Begin PBXFrameworksBuildPhase section */
		DBA37F8E2B78E63B00051C51 /* Frameworks */ = {
			isa = PBXFrameworksBuildPhase;
			buildActionMask = 2147483647;
			files = (
				DBA37FCD2B78E9AD00051C51 /* SVProgressHUD in Frameworks */,
				DBA37FD52B79E86900051C51 /* Localize_Swift in Frameworks */,
				DBA37FC62B78E68300051C51 /* SwiftyJSON in Frameworks */,
				DBA37FEE2B79EAE200051C51 /* SDWebImage in Frameworks */,
				DBA37FC92B78E6AA00051C51 /* Alamofire in Frameworks */,
				DBA37FE82B79EABB00051C51 /* SnapKit in Frameworks */,
				DBA37FEA2B79EAD100051C51 /* SnapKit-Dynamic in Frameworks */,
			);
			runOnlyForDeploymentPostprocessing = 0;
		};
		DBA37FA42B78E63C00051C51 /* Frameworks */ = {
			isa = PBXFrameworksBuildPhase;
			buildActionMask = 2147483647;
			files = (
			);
			runOnlyForDeploymentPostprocessing = 0;
		};
		DBA37FAE2B78E63C00051C51 /* Frameworks */ = {
			isa = PBXFrameworksBuildPhase;
			buildActionMask = 2147483647;
			files = (
			);
			runOnlyForDeploymentPostprocessing = 0;
		};
/* End PBXFrameworksBuildPhase section */

/* Begin PBXGroup section */
		DBA37F882B78E63B00051C51 = {
			isa = PBXGroup;
			children = (
				DBA37F932B78E63B00051C51 /* OzinsheDemo2 */,
				DBA37FAA2B78E63C00051C51 /* OzinsheDemo2Tests */,
				DBA37FB42B78E63C00051C51 /* OzinsheDemo2UITests */,
				DBA37F922B78E63B00051C51 /* Products */,
				DBA37FE62B79EABB00051C51 /* Frameworks */,
			);
			sourceTree = "<group>";
		};
		DBA37F922B78E63B00051C51 /* Products */ = {
			isa = PBXGroup;
			children = (
				DBA37F912B78E63B00051C51 /* OzinsheDemo2.app */,
				DBA37FA72B78E63C00051C51 /* OzinsheDemo2Tests.xctest */,
				DBA37FB12B78E63C00051C51 /* OzinsheDemo2UITests.xctest */,
			);
			name = Products;
			sourceTree = "<group>";
		};
		DBA37F932B78E63B00051C51 /* OzinsheDemo2 */ = {
			isa = PBXGroup;
			children = (
				DBA37FDF2B79E9AB00051C51 /* Extensions */,
				DBA37FD62B79E96E00051C51 /* Fonts */,
				DBA37FD02B78EFDD00051C51 /* Model */,
				DBA37FCF2B78EFD100051C51 /* Controllers */,
				DBA37F942B78E63B00051C51 /* AppDelegate.swift */,
				DBA37F962B78E63B00051C51 /* SceneDelegate.swift */,
				DBA37F9D2B78E63C00051C51 /* Assets.xcassets */,
				DBA37FA22B78E63C00051C51 /* Info.plist */,
				DBA37FD12B78F0B700051C51 /* Localizable.xcstrings */,
				DBA37FEF2B79F70300051C51 /* Launch Screen.storyboard */,
			);
			path = OzinsheDemo2;
			sourceTree = "<group>";
		};
		DBA37FAA2B78E63C00051C51 /* OzinsheDemo2Tests */ = {
			isa = PBXGroup;
			children = (
				DBA37FAB2B78E63C00051C51 /* OzinsheDemo2Tests.swift */,
			);
			path = OzinsheDemo2Tests;
			sourceTree = "<group>";
		};
		DBA37FB42B78E63C00051C51 /* OzinsheDemo2UITests */ = {
			isa = PBXGroup;
			children = (
				DBA37FB52B78E63C00051C51 /* OzinsheDemo2UITests.swift */,
				DBA37FB72B78E63C00051C51 /* OzinsheDemo2UITestsLaunchTests.swift */,
			);
			path = OzinsheDemo2UITests;
			sourceTree = "<group>";
		};
		DBA37FCF2B78EFD100051C51 /* Controllers */ = {
			isa = PBXGroup;
			children = (
				DBA380012B7A38DF00051C51 /* Onboarding */,
				DBFDB7B52B7C92F600EA5C69 /* Sign in-up */,
				DBA37FE02B79E9D800051C51 /* Main */,
				DBA37FE32B79E9EF00051C51 /* Profile */,
				DBA37FE22B79E9E900051C51 /* Favorites */,
				DBA37FE12B79E9DF00051C51 /* Search */,
				DBA37FF72B7A04CD00051C51 /* TabBarController.swift */,
			);
			path = Controllers;
			sourceTree = "<group>";
		};
		DBA37FD02B78EFDD00051C51 /* Model */ = {
			isa = PBXGroup;
			children = (
				DBA380042B7A39B800051C51 /* Slides.swift */,
			);
			path = Model;
			sourceTree = "<group>";
		};
		DBA37FD62B79E96E00051C51 /* Fonts */ = {
			isa = PBXGroup;
			children = (
				DBA37FD72B79E99900051C51 /* SF-Pro-Display-Bold.otf */,
				DBA37FDA2B79E99900051C51 /* SF-Pro-Display-Medium.otf */,
				DBA37FD82B79E99900051C51 /* SF-Pro-Display-Regular.otf */,
				DBA37FD92B79E99900051C51 /* SF-Pro-Display-Semibold.otf */,
			);
			path = Fonts;
			sourceTree = "<group>";
		};
		DBA37FDF2B79E9AB00051C51 /* Extensions */ = {
			isa = PBXGroup;
			children = (
				DB4E9E772B7BE7760074DAD5 /* CustomGradientView.swift */,
				DBFDB7AE2B7C8A0700EA5C69 /* Grid.swift */,
				DBFDB7B02B7C8A1100EA5C69 /* Apperance.swift */,
				DBFDB7B82B7C9A6E00EA5C69 /* Textfield.swift */,
			);
			path = Extensions;
			sourceTree = "<group>";
		};
		DBA37FE02B79E9D800051C51 /* Main */ = {
			isa = PBXGroup;
			children = (
				DBA37FF92B7A05C000051C51 /* HomeViewController.swift */,
			);
			path = Main;
			sourceTree = "<group>";
		};
		DBA37FE12B79E9DF00051C51 /* Search */ = {
			isa = PBXGroup;
			children = (
				DBA37FFB2B7A05D000051C51 /* SearchViewController.swift */,
			);
			path = Search;
			sourceTree = "<group>";
		};
		DBA37FE22B79E9E900051C51 /* Favorites */ = {
			isa = PBXGroup;
			children = (
				DBA37FFD2B7A05DE00051C51 /* FavoritesViewController.swift */,
			);
			path = Favorites;
			sourceTree = "<group>";
		};
		DBA37FE32B79E9EF00051C51 /* Profile */ = {
			isa = PBXGroup;
			children = (
				DBA37FFF2B7A05EB00051C51 /* ProfileViewController.swift */,
			);
			path = Profile;
			sourceTree = "<group>";
		};
		DBA37FE62B79EABB00051C51 /* Frameworks */ = {
			isa = PBXGroup;
			children = (
			);
			name = Frameworks;
			sourceTree = "<group>";
		};
		DBA380012B7A38DF00051C51 /* Onboarding */ = {
			isa = PBXGroup;
			children = (
				DBA37FE42B79EA0B00051C51 /* OnboardingViewController.swift */,
				DBA380022B7A390A00051C51 /* SlidesCollectionViewCell.swift */,
			);
			path = Onboarding;
			sourceTree = "<group>";
		};
		DBFDB7B52B7C92F600EA5C69 /* Sign in-up */ = {
			isa = PBXGroup;
			children = (
				DBFDB7B62B7C933D00EA5C69 /* SignInViewController.swift */,
			);
			path = "Sign in-up";
			sourceTree = "<group>";
		};
/* End PBXGroup section */

/* Begin PBXNativeTarget section */
		DBA37F902B78E63B00051C51 /* OzinsheDemo2 */ = {
			isa = PBXNativeTarget;
			buildConfigurationList = DBA37FBB2B78E63C00051C51 /* Build configuration list for PBXNativeTarget "OzinsheDemo2" */;
			buildPhases = (
				DBA37F8D2B78E63B00051C51 /* Sources */,
				DBA37F8E2B78E63B00051C51 /* Frameworks */,
				DBA37F8F2B78E63B00051C51 /* Resources */,
				DBA37FEC2B79EAD100051C51 /* Embed Frameworks */,
			);
			buildRules = (
			);
			dependencies = (
			);
			name = OzinsheDemo2;
			packageProductDependencies = (
				DBA37FC52B78E68300051C51 /* SwiftyJSON */,
				DBA37FC82B78E6AA00051C51 /* Alamofire */,
				DBA37FCC2B78E9AD00051C51 /* SVProgressHUD */,
				DBA37FD42B79E86900051C51 /* Localize_Swift */,
				DBA37FE72B79EABB00051C51 /* SnapKit */,
				DBA37FE92B79EAD100051C51 /* SnapKit-Dynamic */,
				DBA37FED2B79EAE200051C51 /* SDWebImage */,
			);
			productName = OzinsheDemo2;
			productReference = DBA37F912B78E63B00051C51 /* OzinsheDemo2.app */;
			productType = "com.apple.product-type.application";
		};
		DBA37FA62B78E63C00051C51 /* OzinsheDemo2Tests */ = {
			isa = PBXNativeTarget;
			buildConfigurationList = DBA37FBE2B78E63C00051C51 /* Build configuration list for PBXNativeTarget "OzinsheDemo2Tests" */;
			buildPhases = (
				DBA37FA32B78E63C00051C51 /* Sources */,
				DBA37FA42B78E63C00051C51 /* Frameworks */,
				DBA37FA52B78E63C00051C51 /* Resources */,
			);
			buildRules = (
			);
			dependencies = (
				DBA37FA92B78E63C00051C51 /* PBXTargetDependency */,
			);
			name = OzinsheDemo2Tests;
			productName = OzinsheDemo2Tests;
			productReference = DBA37FA72B78E63C00051C51 /* OzinsheDemo2Tests.xctest */;
			productType = "com.apple.product-type.bundle.unit-test";
		};
		DBA37FB02B78E63C00051C51 /* OzinsheDemo2UITests */ = {
			isa = PBXNativeTarget;
			buildConfigurationList = DBA37FC12B78E63C00051C51 /* Build configuration list for PBXNativeTarget "OzinsheDemo2UITests" */;
			buildPhases = (
				DBA37FAD2B78E63C00051C51 /* Sources */,
				DBA37FAE2B78E63C00051C51 /* Frameworks */,
				DBA37FAF2B78E63C00051C51 /* Resources */,
			);
			buildRules = (
			);
			dependencies = (
				DBA37FB32B78E63C00051C51 /* PBXTargetDependency */,
			);
			name = OzinsheDemo2UITests;
			productName = OzinsheDemo2UITests;
			productReference = DBA37FB12B78E63C00051C51 /* OzinsheDemo2UITests.xctest */;
			productType = "com.apple.product-type.bundle.ui-testing";
		};
/* End PBXNativeTarget section */

/* Begin PBXProject section */
		DBA37F892B78E63B00051C51 /* Project object */ = {
			isa = PBXProject;
			attributes = {
				BuildIndependentTargetsInParallel = 1;
				LastSwiftUpdateCheck = 1520;
				LastUpgradeCheck = 1520;
				TargetAttributes = {
					DBA37F902B78E63B00051C51 = {
						CreatedOnToolsVersion = 15.2;
					};
					DBA37FA62B78E63C00051C51 = {
						CreatedOnToolsVersion = 15.2;
						TestTargetID = DBA37F902B78E63B00051C51;
					};
					DBA37FB02B78E63C00051C51 = {
						CreatedOnToolsVersion = 15.2;
						TestTargetID = DBA37F902B78E63B00051C51;
					};
				};
			};
			buildConfigurationList = DBA37F8C2B78E63B00051C51 /* Build configuration list for PBXProject "OzinsheDemo2" */;
			compatibilityVersion = "Xcode 14.0";
			developmentRegion = en;
			hasScannedForEncodings = 0;
			knownRegions = (
				en,
				Base,
				ru,
				"kk-KZ",
			);
			mainGroup = DBA37F882B78E63B00051C51;
			packageReferences = (
				DBA37FC42B78E68300051C51 /* XCRemoteSwiftPackageReference "SwiftyJSON" */,
				DBA37FC72B78E6AA00051C51 /* XCRemoteSwiftPackageReference "Alamofire" */,
				DBA37FCA2B78E98400051C51 /* XCRemoteSwiftPackageReference "SDWebImage" */,
				DBA37FCB2B78E9AD00051C51 /* XCRemoteSwiftPackageReference "SVProgressHUD" */,
				DBA37FCE2B78EA0500051C51 /* XCRemoteSwiftPackageReference "SnapKit" */,
				DBA37FD32B79E86900051C51 /* XCRemoteSwiftPackageReference "Localize-Swift" */,
			);
			productRefGroup = DBA37F922B78E63B00051C51 /* Products */;
			projectDirPath = "";
			projectRoot = "";
			targets = (
				DBA37F902B78E63B00051C51 /* OzinsheDemo2 */,
				DBA37FA62B78E63C00051C51 /* OzinsheDemo2Tests */,
				DBA37FB02B78E63C00051C51 /* OzinsheDemo2UITests */,
			);
		};
/* End PBXProject section */

/* Begin PBXResourcesBuildPhase section */
		DBA37F8F2B78E63B00051C51 /* Resources */ = {
			isa = PBXResourcesBuildPhase;
			buildActionMask = 2147483647;
			files = (
				DBA37FDE2B79E99900051C51 /* SF-Pro-Display-Medium.otf in Resources */,
				DBA37FD22B78F0B700051C51 /* Localizable.xcstrings in Resources */,
				DBA37F9E2B78E63C00051C51 /* Assets.xcassets in Resources */,
				DBA37FDD2B79E99900051C51 /* SF-Pro-Display-Semibold.otf in Resources */,
				DBA37FDC2B79E99900051C51 /* SF-Pro-Display-Regular.otf in Resources */,
				DBA37FDB2B79E99900051C51 /* SF-Pro-Display-Bold.otf in Resources */,
				DBA37FF02B79F70300051C51 /* Launch Screen.storyboard in Resources */,
			);
			runOnlyForDeploymentPostprocessing = 0;
		};
		DBA37FA52B78E63C00051C51 /* Resources */ = {
			isa = PBXResourcesBuildPhase;
			buildActionMask = 2147483647;
			files = (
			);
			runOnlyForDeploymentPostprocessing = 0;
		};
		DBA37FAF2B78E63C00051C51 /* Resources */ = {
			isa = PBXResourcesBuildPhase;
			buildActionMask = 2147483647;
			files = (
			);
			runOnlyForDeploymentPostprocessing = 0;
		};
/* End PBXResourcesBuildPhase section */

/* Begin PBXSourcesBuildPhase section */
		DBA37F8D2B78E63B00051C51 /* Sources */ = {
			isa = PBXSourcesBuildPhase;
			buildActionMask = 2147483647;
			files = (
				DBFDB7B72B7C933D00EA5C69 /* SignInViewController.swift in Sources */,
				DBA37F952B78E63B00051C51 /* AppDelegate.swift in Sources */,
				DBFDB7B12B7C8A1100EA5C69 /* Apperance.swift in Sources */,
				DBA37F972B78E63B00051C51 /* SceneDelegate.swift in Sources */,
				DBA37FFC2B7A05D000051C51 /* SearchViewController.swift in Sources */,
				DBA37FFA2B7A05C000051C51 /* HomeViewController.swift in Sources */,
				DBA380002B7A05EB00051C51 /* ProfileViewController.swift in Sources */,
				DBA37FF82B7A04CD00051C51 /* TabBarController.swift in Sources */,
				DBA37FFE2B7A05DE00051C51 /* FavoritesViewController.swift in Sources */,
				DBA380032B7A390A00051C51 /* SlidesCollectionViewCell.swift in Sources */,
				DBA37FE52B79EA0B00051C51 /* OnboardingViewController.swift in Sources */,
				DBA380052B7A39B800051C51 /* Slides.swift in Sources */,
				DB4E9E782B7BE7760074DAD5 /* CustomGradientView.swift in Sources */,
				DBFDB7B92B7C9A6E00EA5C69 /* Textfield.swift in Sources */,
				DBFDB7AF2B7C8A0700EA5C69 /* Grid.swift in Sources */,
			);
			runOnlyForDeploymentPostprocessing = 0;
		};
		DBA37FA32B78E63C00051C51 /* Sources */ = {
			isa = PBXSourcesBuildPhase;
			buildActionMask = 2147483647;
			files = (
				DBA37FAC2B78E63C00051C51 /* OzinsheDemo2Tests.swift in Sources */,
			);
			runOnlyForDeploymentPostprocessing = 0;
		};
		DBA37FAD2B78E63C00051C51 /* Sources */ = {
			isa = PBXSourcesBuildPhase;
			buildActionMask = 2147483647;
			files = (
				DBA37FB62B78E63C00051C51 /* OzinsheDemo2UITests.swift in Sources */,
				DBA37FB82B78E63C00051C51 /* OzinsheDemo2UITestsLaunchTests.swift in Sources */,
			);
			runOnlyForDeploymentPostprocessing = 0;
		};
/* End PBXSourcesBuildPhase section */

/* Begin PBXTargetDependency section */
		DBA37FA92B78E63C00051C51 /* PBXTargetDependency */ = {
			isa = PBXTargetDependency;
			target = DBA37F902B78E63B00051C51 /* OzinsheDemo2 */;
			targetProxy = DBA37FA82B78E63C00051C51 /* PBXContainerItemProxy */;
		};
		DBA37FB32B78E63C00051C51 /* PBXTargetDependency */ = {
			isa = PBXTargetDependency;
			target = DBA37F902B78E63B00051C51 /* OzinsheDemo2 */;
			targetProxy = DBA37FB22B78E63C00051C51 /* PBXContainerItemProxy */;
		};
/* End PBXTargetDependency section */

/* Begin XCBuildConfiguration section */
		DBA37FB92B78E63C00051C51 /* Debug */ = {
			isa = XCBuildConfiguration;
			buildSettings = {
				ALWAYS_SEARCH_USER_PATHS = NO;
				ASSETCATALOG_COMPILER_GENERATE_SWIFT_ASSET_SYMBOL_EXTENSIONS = YES;
				CLANG_ANALYZER_NONNULL = YES;
				CLANG_ANALYZER_NUMBER_OBJECT_CONVERSION = YES_AGGRESSIVE;
				CLANG_CXX_LANGUAGE_STANDARD = "gnu++20";
				CLANG_ENABLE_MODULES = YES;
				CLANG_ENABLE_OBJC_ARC = YES;
				CLANG_ENABLE_OBJC_WEAK = YES;
				CLANG_WARN_BLOCK_CAPTURE_AUTORELEASING = YES;
				CLANG_WARN_BOOL_CONVERSION = YES;
				CLANG_WARN_COMMA = YES;
				CLANG_WARN_CONSTANT_CONVERSION = YES;
				CLANG_WARN_DEPRECATED_OBJC_IMPLEMENTATIONS = YES;
				CLANG_WARN_DIRECT_OBJC_ISA_USAGE = YES_ERROR;
				CLANG_WARN_DOCUMENTATION_COMMENTS = YES;
				CLANG_WARN_EMPTY_BODY = YES;
				CLANG_WARN_ENUM_CONVERSION = YES;
				CLANG_WARN_INFINITE_RECURSION = YES;
				CLANG_WARN_INT_CONVERSION = YES;
				CLANG_WARN_NON_LITERAL_NULL_CONVERSION = YES;
				CLANG_WARN_OBJC_IMPLICIT_RETAIN_SELF = YES;
				CLANG_WARN_OBJC_LITERAL_CONVERSION = YES;
				CLANG_WARN_OBJC_ROOT_CLASS = YES_ERROR;
				CLANG_WARN_QUOTED_INCLUDE_IN_FRAMEWORK_HEADER = YES;
				CLANG_WARN_RANGE_LOOP_ANALYSIS = YES;
				CLANG_WARN_STRICT_PROTOTYPES = YES;
				CLANG_WARN_SUSPICIOUS_MOVE = YES;
				CLANG_WARN_UNGUARDED_AVAILABILITY = YES_AGGRESSIVE;
				CLANG_WARN_UNREACHABLE_CODE = YES;
				CLANG_WARN__DUPLICATE_METHOD_MATCH = YES;
				COPY_PHASE_STRIP = NO;
				DEBUG_INFORMATION_FORMAT = dwarf;
				ENABLE_STRICT_OBJC_MSGSEND = YES;
				ENABLE_TESTABILITY = YES;
				ENABLE_USER_SCRIPT_SANDBOXING = YES;
				GCC_C_LANGUAGE_STANDARD = gnu17;
				GCC_DYNAMIC_NO_PIC = NO;
				GCC_NO_COMMON_BLOCKS = YES;
				GCC_OPTIMIZATION_LEVEL = 0;
				GCC_PREPROCESSOR_DEFINITIONS = (
					"DEBUG=1",
					"$(inherited)",
				);
				GCC_WARN_64_TO_32_BIT_CONVERSION = YES;
				GCC_WARN_ABOUT_RETURN_TYPE = YES_ERROR;
				GCC_WARN_UNDECLARED_SELECTOR = YES;
				GCC_WARN_UNINITIALIZED_AUTOS = YES_AGGRESSIVE;
				GCC_WARN_UNUSED_FUNCTION = YES;
				GCC_WARN_UNUSED_VARIABLE = YES;
				IPHONEOS_DEPLOYMENT_TARGET = 16.0;
				LOCALIZATION_PREFERS_STRING_CATALOGS = YES;
				MTL_ENABLE_DEBUG_INFO = INCLUDE_SOURCE;
				MTL_FAST_MATH = YES;
				ONLY_ACTIVE_ARCH = YES;
				SDKROOT = iphoneos;
				SWIFT_ACTIVE_COMPILATION_CONDITIONS = "DEBUG $(inherited)";
				SWIFT_OPTIMIZATION_LEVEL = "-Onone";
			};
			name = Debug;
		};
		DBA37FBA2B78E63C00051C51 /* Release */ = {
			isa = XCBuildConfiguration;
			buildSettings = {
				ALWAYS_SEARCH_USER_PATHS = NO;
				ASSETCATALOG_COMPILER_GENERATE_SWIFT_ASSET_SYMBOL_EXTENSIONS = YES;
				CLANG_ANALYZER_NONNULL = YES;
				CLANG_ANALYZER_NUMBER_OBJECT_CONVERSION = YES_AGGRESSIVE;
				CLANG_CXX_LANGUAGE_STANDARD = "gnu++20";
				CLANG_ENABLE_MODULES = YES;
				CLANG_ENABLE_OBJC_ARC = YES;
				CLANG_ENABLE_OBJC_WEAK = YES;
				CLANG_WARN_BLOCK_CAPTURE_AUTORELEASING = YES;
				CLANG_WARN_BOOL_CONVERSION = YES;
				CLANG_WARN_COMMA = YES;
				CLANG_WARN_CONSTANT_CONVERSION = YES;
				CLANG_WARN_DEPRECATED_OBJC_IMPLEMENTATIONS = YES;
				CLANG_WARN_DIRECT_OBJC_ISA_USAGE = YES_ERROR;
				CLANG_WARN_DOCUMENTATION_COMMENTS = YES;
				CLANG_WARN_EMPTY_BODY = YES;
				CLANG_WARN_ENUM_CONVERSION = YES;
				CLANG_WARN_INFINITE_RECURSION = YES;
				CLANG_WARN_INT_CONVERSION = YES;
				CLANG_WARN_NON_LITERAL_NULL_CONVERSION = YES;
				CLANG_WARN_OBJC_IMPLICIT_RETAIN_SELF = YES;
				CLANG_WARN_OBJC_LITERAL_CONVERSION = YES;
				CLANG_WARN_OBJC_ROOT_CLASS = YES_ERROR;
				CLANG_WARN_QUOTED_INCLUDE_IN_FRAMEWORK_HEADER = YES;
				CLANG_WARN_RANGE_LOOP_ANALYSIS = YES;
				CLANG_WARN_STRICT_PROTOTYPES = YES;
				CLANG_WARN_SUSPICIOUS_MOVE = YES;
				CLANG_WARN_UNGUARDED_AVAILABILITY = YES_AGGRESSIVE;
				CLANG_WARN_UNREACHABLE_CODE = YES;
				CLANG_WARN__DUPLICATE_METHOD_MATCH = YES;
				COPY_PHASE_STRIP = NO;
				DEBUG_INFORMATION_FORMAT = "dwarf-with-dsym";
				ENABLE_NS_ASSERTIONS = NO;
				ENABLE_STRICT_OBJC_MSGSEND = YES;
				ENABLE_USER_SCRIPT_SANDBOXING = YES;
				GCC_C_LANGUAGE_STANDARD = gnu17;
				GCC_NO_COMMON_BLOCKS = YES;
				GCC_WARN_64_TO_32_BIT_CONVERSION = YES;
				GCC_WARN_ABOUT_RETURN_TYPE = YES_ERROR;
				GCC_WARN_UNDECLARED_SELECTOR = YES;
				GCC_WARN_UNINITIALIZED_AUTOS = YES_AGGRESSIVE;
				GCC_WARN_UNUSED_FUNCTION = YES;
				GCC_WARN_UNUSED_VARIABLE = YES;
				IPHONEOS_DEPLOYMENT_TARGET = 16.0;
				LOCALIZATION_PREFERS_STRING_CATALOGS = YES;
				MTL_ENABLE_DEBUG_INFO = NO;
				MTL_FAST_MATH = YES;
				SDKROOT = iphoneos;
				SWIFT_COMPILATION_MODE = wholemodule;
				VALIDATE_PRODUCT = YES;
			};
			name = Release;
		};
		DBA37FBC2B78E63C00051C51 /* Debug */ = {
			isa = XCBuildConfiguration;
			buildSettings = {
				ASSETCATALOG_COMPILER_APPICON_NAME = AppIcon;
				ASSETCATALOG_COMPILER_GLOBAL_ACCENT_COLOR_NAME = AccentColor;
				CODE_SIGN_STYLE = Automatic;
				CURRENT_PROJECT_VERSION = 1;
				ENABLE_USER_SCRIPT_SANDBOXING = NO;
				GENERATE_INFOPLIST_FILE = YES;
				INFOPLIST_FILE = OzinsheDemo2/Info.plist;
				INFOPLIST_KEY_UIApplicationSupportsIndirectInputEvents = YES;
				INFOPLIST_KEY_UILaunchStoryboardName = "Launch Screen.storyboard";
				INFOPLIST_KEY_UIMainStoryboardFile = "";
				INFOPLIST_KEY_UISupportedInterfaceOrientations_iPad = "UIInterfaceOrientationPortrait UIInterfaceOrientationPortraitUpsideDown UIInterfaceOrientationLandscapeLeft UIInterfaceOrientationLandscapeRight";
				INFOPLIST_KEY_UISupportedInterfaceOrientations_iPhone = "UIInterfaceOrientationPortrait UIInterfaceOrientationLandscapeLeft UIInterfaceOrientationLandscapeRight";
				IPHONEOS_DEPLOYMENT_TARGET = 16.0;
				LD_RUNPATH_SEARCH_PATHS = (
					"$(inherited)",
					"@executable_path/Frameworks",
				);
				MARKETING_VERSION = 1.0;
				PRODUCT_BUNDLE_IDENTIFIER = Aset.OzinsheDemo2;
				PRODUCT_NAME = "$(TARGET_NAME)";
				SWIFT_EMIT_LOC_STRINGS = YES;
				SWIFT_VERSION = 5.0;
				TARGETED_DEVICE_FAMILY = "1,2";
			};
			name = Debug;
		};
		DBA37FBD2B78E63C00051C51 /* Release */ = {
			isa = XCBuildConfiguration;
			buildSettings = {
				ASSETCATALOG_COMPILER_APPICON_NAME = AppIcon;
				ASSETCATALOG_COMPILER_GLOBAL_ACCENT_COLOR_NAME = AccentColor;
				CODE_SIGN_STYLE = Automatic;
				CURRENT_PROJECT_VERSION = 1;
				ENABLE_USER_SCRIPT_SANDBOXING = NO;
				GENERATE_INFOPLIST_FILE = YES;
				INFOPLIST_FILE = OzinsheDemo2/Info.plist;
				INFOPLIST_KEY_UIApplicationSupportsIndirectInputEvents = YES;
				INFOPLIST_KEY_UILaunchStoryboardName = "Launch Screen.storyboard";
				INFOPLIST_KEY_UIMainStoryboardFile = "";
				INFOPLIST_KEY_UISupportedInterfaceOrientations_iPad = "UIInterfaceOrientationPortrait UIInterfaceOrientationPortraitUpsideDown UIInterfaceOrientationLandscapeLeft UIInterfaceOrientationLandscapeRight";
				INFOPLIST_KEY_UISupportedInterfaceOrientations_iPhone = "UIInterfaceOrientationPortrait UIInterfaceOrientationLandscapeLeft UIInterfaceOrientationLandscapeRight";
				IPHONEOS_DEPLOYMENT_TARGET = 16.0;
				LD_RUNPATH_SEARCH_PATHS = (
					"$(inherited)",
					"@executable_path/Frameworks",
				);
				MARKETING_VERSION = 1.0;
				PRODUCT_BUNDLE_IDENTIFIER = Aset.OzinsheDemo2;
				PRODUCT_NAME = "$(TARGET_NAME)";
				SWIFT_EMIT_LOC_STRINGS = YES;
				SWIFT_VERSION = 5.0;
				TARGETED_DEVICE_FAMILY = "1,2";
			};
			name = Release;
		};
		DBA37FBF2B78E63C00051C51 /* Debug */ = {
			isa = XCBuildConfiguration;
			buildSettings = {
				ALWAYS_EMBED_SWIFT_STANDARD_LIBRARIES = YES;
				BUNDLE_LOADER = "$(TEST_HOST)";
				CODE_SIGN_STYLE = Automatic;
				CURRENT_PROJECT_VERSION = 1;
				GENERATE_INFOPLIST_FILE = YES;
				IPHONEOS_DEPLOYMENT_TARGET = 17.2;
				MARKETING_VERSION = 1.0;
				PRODUCT_BUNDLE_IDENTIFIER = Aset.OzinsheDemo2Tests;
				PRODUCT_NAME = "$(TARGET_NAME)";
				SWIFT_EMIT_LOC_STRINGS = NO;
				SWIFT_VERSION = 5.0;
				TARGETED_DEVICE_FAMILY = "1,2";
				TEST_HOST = "$(BUILT_PRODUCTS_DIR)/OzinsheDemo2.app/$(BUNDLE_EXECUTABLE_FOLDER_PATH)/OzinsheDemo2";
			};
			name = Debug;
		};
		DBA37FC02B78E63C00051C51 /* Release */ = {
			isa = XCBuildConfiguration;
			buildSettings = {
				ALWAYS_EMBED_SWIFT_STANDARD_LIBRARIES = YES;
				BUNDLE_LOADER = "$(TEST_HOST)";
				CODE_SIGN_STYLE = Automatic;
				CURRENT_PROJECT_VERSION = 1;
				GENERATE_INFOPLIST_FILE = YES;
				IPHONEOS_DEPLOYMENT_TARGET = 17.2;
				MARKETING_VERSION = 1.0;
				PRODUCT_BUNDLE_IDENTIFIER = Aset.OzinsheDemo2Tests;
				PRODUCT_NAME = "$(TARGET_NAME)";
				SWIFT_EMIT_LOC_STRINGS = NO;
				SWIFT_VERSION = 5.0;
				TARGETED_DEVICE_FAMILY = "1,2";
				TEST_HOST = "$(BUILT_PRODUCTS_DIR)/OzinsheDemo2.app/$(BUNDLE_EXECUTABLE_FOLDER_PATH)/OzinsheDemo2";
			};
			name = Release;
		};
		DBA37FC22B78E63C00051C51 /* Debug */ = {
			isa = XCBuildConfiguration;
			buildSettings = {
				ALWAYS_EMBED_SWIFT_STANDARD_LIBRARIES = YES;
				CODE_SIGN_STYLE = Automatic;
				CURRENT_PROJECT_VERSION = 1;
				GENERATE_INFOPLIST_FILE = YES;
				MARKETING_VERSION = 1.0;
				PRODUCT_BUNDLE_IDENTIFIER = Aset.OzinsheDemo2UITests;
				PRODUCT_NAME = "$(TARGET_NAME)";
				SWIFT_EMIT_LOC_STRINGS = NO;
				SWIFT_VERSION = 5.0;
				TARGETED_DEVICE_FAMILY = "1,2";
				TEST_TARGET_NAME = OzinsheDemo2;
			};
			name = Debug;
		};
		DBA37FC32B78E63C00051C51 /* Release */ = {
			isa = XCBuildConfiguration;
			buildSettings = {
				ALWAYS_EMBED_SWIFT_STANDARD_LIBRARIES = YES;
				CODE_SIGN_STYLE = Automatic;
				CURRENT_PROJECT_VERSION = 1;
				GENERATE_INFOPLIST_FILE = YES;
				MARKETING_VERSION = 1.0;
				PRODUCT_BUNDLE_IDENTIFIER = Aset.OzinsheDemo2UITests;
				PRODUCT_NAME = "$(TARGET_NAME)";
				SWIFT_EMIT_LOC_STRINGS = NO;
				SWIFT_VERSION = 5.0;
				TARGETED_DEVICE_FAMILY = "1,2";
				TEST_TARGET_NAME = OzinsheDemo2;
			};
			name = Release;
		};
/* End XCBuildConfiguration section */

/* Begin XCConfigurationList section */
		DBA37F8C2B78E63B00051C51 /* Build configuration list for PBXProject "OzinsheDemo2" */ = {
			isa = XCConfigurationList;
			buildConfigurations = (
				DBA37FB92B78E63C00051C51 /* Debug */,
				DBA37FBA2B78E63C00051C51 /* Release */,
			);
			defaultConfigurationIsVisible = 0;
			defaultConfigurationName = Release;
		};
		DBA37FBB2B78E63C00051C51 /* Build configuration list for PBXNativeTarget "OzinsheDemo2" */ = {
			isa = XCConfigurationList;
			buildConfigurations = (
				DBA37FBC2B78E63C00051C51 /* Debug */,
				DBA37FBD2B78E63C00051C51 /* Release */,
			);
			defaultConfigurationIsVisible = 0;
			defaultConfigurationName = Release;
		};
		DBA37FBE2B78E63C00051C51 /* Build configuration list for PBXNativeTarget "OzinsheDemo2Tests" */ = {
			isa = XCConfigurationList;
			buildConfigurations = (
				DBA37FBF2B78E63C00051C51 /* Debug */,
				DBA37FC02B78E63C00051C51 /* Release */,
			);
			defaultConfigurationIsVisible = 0;
			defaultConfigurationName = Release;
		};
		DBA37FC12B78E63C00051C51 /* Build configuration list for PBXNativeTarget "OzinsheDemo2UITests" */ = {
			isa = XCConfigurationList;
			buildConfigurations = (
				DBA37FC22B78E63C00051C51 /* Debug */,
				DBA37FC32B78E63C00051C51 /* Release */,
			);
			defaultConfigurationIsVisible = 0;
			defaultConfigurationName = Release;
		};
/* End XCConfigurationList section */

/* Begin XCRemoteSwiftPackageReference section */
		DBA37FC42B78E68300051C51 /* XCRemoteSwiftPackageReference "SwiftyJSON" */ = {
			isa = XCRemoteSwiftPackageReference;
			repositoryURL = "https://github.com/SwiftyJSON/SwiftyJSON";
			requirement = {
				kind = upToNextMajorVersion;
				minimumVersion = 5.0.1;
			};
		};
		DBA37FC72B78E6AA00051C51 /* XCRemoteSwiftPackageReference "Alamofire" */ = {
			isa = XCRemoteSwiftPackageReference;
			repositoryURL = "https://github.com/Alamofire/Alamofire";
			requirement = {
				kind = upToNextMajorVersion;
				minimumVersion = 5.8.1;
			};
		};
		DBA37FCA2B78E98400051C51 /* XCRemoteSwiftPackageReference "SDWebImage" */ = {
			isa = XCRemoteSwiftPackageReference;
			repositoryURL = "https://github.com/SDWebImage/SDWebImage.git";
			requirement = {
				kind = upToNextMajorVersion;
				minimumVersion = 5.18.10;
			};
		};
		DBA37FCB2B78E9AD00051C51 /* XCRemoteSwiftPackageReference "SVProgressHUD" */ = {
			isa = XCRemoteSwiftPackageReference;
			repositoryURL = "https://github.com/SVProgressHUD/SVProgressHUD.git";
			requirement = {
				kind = upToNextMajorVersion;
				minimumVersion = 2.3.1;
			};
		};
		DBA37FCE2B78EA0500051C51 /* XCRemoteSwiftPackageReference "SnapKit" */ = {
			isa = XCRemoteSwiftPackageReference;
			repositoryURL = "https://github.com/SnapKit/SnapKit.git";
			requirement = {
				kind = upToNextMajorVersion;
				minimumVersion = 5.7.0;
			};
		};
		DBA37FD32B79E86900051C51 /* XCRemoteSwiftPackageReference "Localize-Swift" */ = {
			isa = XCRemoteSwiftPackageReference;
			repositoryURL = "https://github.com/marmelroy/Localize-Swift.git";
			requirement = {
				kind = upToNextMajorVersion;
				minimumVersion = 3.2.0;
			};
		};
/* End XCRemoteSwiftPackageReference section */

/* Begin XCSwiftPackageProductDependency section */
		DBA37FC52B78E68300051C51 /* SwiftyJSON */ = {
			isa = XCSwiftPackageProductDependency;
			package = DBA37FC42B78E68300051C51 /* XCRemoteSwiftPackageReference "SwiftyJSON" */;
			productName = SwiftyJSON;
		};
		DBA37FC82B78E6AA00051C51 /* Alamofire */ = {
			isa = XCSwiftPackageProductDependency;
			package = DBA37FC72B78E6AA00051C51 /* XCRemoteSwiftPackageReference "Alamofire" */;
			productName = Alamofire;
		};
		DBA37FCC2B78E9AD00051C51 /* SVProgressHUD */ = {
			isa = XCSwiftPackageProductDependency;
			package = DBA37FCB2B78E9AD00051C51 /* XCRemoteSwiftPackageReference "SVProgressHUD" */;
			productName = SVProgressHUD;
		};
		DBA37FD42B79E86900051C51 /* Localize_Swift */ = {
			isa = XCSwiftPackageProductDependency;
			package = DBA37FD32B79E86900051C51 /* XCRemoteSwiftPackageReference "Localize-Swift" */;
			productName = Localize_Swift;
		};
		DBA37FE72B79EABB00051C51 /* SnapKit */ = {
			isa = XCSwiftPackageProductDependency;
			package = DBA37FCE2B78EA0500051C51 /* XCRemoteSwiftPackageReference "SnapKit" */;
			productName = SnapKit;
		};
		DBA37FE92B79EAD100051C51 /* SnapKit-Dynamic */ = {
			isa = XCSwiftPackageProductDependency;
			package = DBA37FCE2B78EA0500051C51 /* XCRemoteSwiftPackageReference "SnapKit" */;
			productName = "SnapKit-Dynamic";
		};
		DBA37FED2B79EAE200051C51 /* SDWebImage */ = {
			isa = XCSwiftPackageProductDependency;
			package = DBA37FCA2B78E98400051C51 /* XCRemoteSwiftPackageReference "SDWebImage" */;
			productName = SDWebImage;
		};
/* End XCSwiftPackageProductDependency section */
	};
	rootObject = DBA37F892B78E63B00051C51 /* Project object */;
}
