// !$*UTF8*$!
{
	archiveVersion = 1;
	classes = {
	};
	objectVersion = 56;
	objects = {

/* Begin PBXBuildFile section */
		DBA37F952B78E63B00051C51 /* AppDelegate.swift in Sources */ = {isa = PBXBuildFile; fileRef = DBA37F942B78E63B00051C51 /* AppDelegate.swift */; };
		DBA37F972B78E63B00051C51 /* SceneDelegate.swift in Sources */ = {isa = PBXBuildFile; fileRef = DBA37F962B78E63B00051C51 /* SceneDelegate.swift */; };
		DBA37F992B78E63B00051C51 /* ViewController.swift in Sources */ = {isa = PBXBuildFile; fileRef = DBA37F982B78E63B00051C51 /* ViewController.swift */; };
		DBA37F9C2B78E63B00051C51 /* Main.storyboard in Resources */ = {isa = PBXBuildFile; fileRef = DBA37F9A2B78E63B00051C51 /* Main.storyboard */; };
		DBA37F9E2B78E63C00051C51 /* Assets.xcassets in Resources */ = {isa = PBXBuildFile; fileRef = DBA37F9D2B78E63C00051C51 /* Assets.xcassets */; };
		DBA37FA12B78E63C00051C51 /* LaunchScreen.storyboard in Resources */ = {isa = PBXBuildFile; fileRef = DBA37F9F2B78E63C00051C51 /* LaunchScreen.storyboard */; };
		DBA37FAC2B78E63C00051C51 /* OzinsheDemo2Tests.swift in Sources */ = {isa = PBXBuildFile; fileRef = DBA37FAB2B78E63C00051C51 /* OzinsheDemo2Tests.swift */; };
		DBA37FB62B78E63C00051C51 /* OzinsheDemo2UITests.swift in Sources */ = {isa = PBXBuildFile; fileRef = DBA37FB52B78E63C00051C51 /* OzinsheDemo2UITests.swift */; };
		DBA37FB82B78E63C00051C51 /* OzinsheDemo2UITestsLaunchTests.swift in Sources */ = {isa = PBXBuildFile; fileRef = DBA37FB72B78E63C00051C51 /* OzinsheDemo2UITestsLaunchTests.swift */; };
/* End PBXBuildFile section */

/* Begin PBXContainerItemProxy section */
		DBA37FA82B78E63C00051C51 /* PBXContainerItemProxy */ = {
			isa = PBXContainerItemProxy;
			containerPortal = DBA37F892B78E63B00051C51 /* Project object */;
			proxyType = 1;
			remoteGlobalIDString = DBA37F902B78E63B00051C51;
			remoteInfo = OzinsheDemo2;
		};
		DBA37FB22B78E63C00051C51 /* PBXContainerItemProxy */ = {
			isa = PBXContainerItemProxy;
			containerPortal = DBA37F892B78E63B00051C51 /* Project object */;
			proxyType = 1;
			remoteGlobalIDString = DBA37F902B78E63B00051C51;
			remoteInfo = OzinsheDemo2;
		};
/* End PBXContainerItemProxy section */

/* Begin PBXFileReference section */
		DBA37F912B78E63B00051C51 /* OzinsheDemo2.app */ = {isa = PBXFileReference; explicitFileType = wrapper.application; includeInIndex = 0; path = OzinsheDemo2.app; sourceTree = BUILT_PRODUCTS_DIR; };
		DBA37F942B78E63B00051C51 /* AppDelegate.swift */ = {isa = PBXFileReference; lastKnownFileType = sourcecode.swift; path = AppDelegate.swift; sourceTree = "<group>"; };
		DBA37F962B78E63B00051C51 /* SceneDelegate.swift */ = {isa = PBXFileReference; lastKnownFileType = sourcecode.swift; path = SceneDelegate.swift; sourceTree = "<group>"; };
		DBA37F982B78E63B00051C51 /* ViewController.swift */ = {isa = PBXFileReference; lastKnownFileType = sourcecode.swift; path = ViewController.swift; sourceTree = "<group>"; };
		DBA37F9B2B78E63B00051C51 /* Base */ = {isa = PBXFileReference; lastKnownFileType = file.storyboard; name = Base; path = Base.lproj/Main.storyboard; sourceTree = "<group>"; };
		DBA37F9D2B78E63C00051C51 /* Assets.xcassets */ = {isa = PBXFileReference; lastKnownFileType = folder.assetcatalog; path = Assets.xcassets; sourceTree = "<group>"; };
		DBA37FA02B78E63C00051C51 /* Base */ = {isa = PBXFileReference; lastKnownFileType = file.storyboard; name = Base; path = Base.lproj/LaunchScreen.storyboard; sourceTree = "<group>"; };
		DBA37FA22B78E63C00051C51 /* Info.plist */ = {isa = PBXFileReference; lastKnownFileType = text.plist.xml; path = Info.plist; sourceTree = "<group>"; };
		DBA37FA72B78E63C00051C51 /* OzinsheDemo2Tests.xctest */ = {isa = PBXFileReference; explicitFileType = wrapper.cfbundle; includeInIndex = 0; path = OzinsheDemo2Tests.xctest; sourceTree = BUILT_PRODUCTS_DIR; };
		DBA37FAB2B78E63C00051C51 /* OzinsheDemo2Tests.swift */ = {isa = PBXFileReference; lastKnownFileType = sourcecode.swift; path = OzinsheDemo2Tests.swift; sourceTree = "<group>"; };
		DBA37FB12B78E63C00051C51 /* OzinsheDemo2UITests.xctest */ = {isa = PBXFileReference; explicitFileType = wrapper.cfbundle; includeInIndex = 0; path = OzinsheDemo2UITests.xctest; sourceTree = BUILT_PRODUCTS_DIR; };
		DBA37FB52B78E63C00051C51 /* OzinsheDemo2UITests.swift */ = {isa = PBXFileReference; lastKnownFileType = sourcecode.swift; path = OzinsheDemo2UITests.swift; sourceTree = "<group>"; };
		DBA37FB72B78E63C00051C51 /* OzinsheDemo2UITestsLaunchTests.swift */ = {isa = PBXFileReference; lastKnownFileType = sourcecode.swift; path = OzinsheDemo2UITestsLaunchTests.swift; sourceTree = "<group>"; };
/* End PBXFileReference section */

/* Begin PBXFrameworksBuildPhase section */
		DBA37F8E2B78E63B00051C51 /* Frameworks */ = {
			isa = PBXFrameworksBuildPhase;
			buildActionMask = 2147483647;
			files = (
			);
			runOnlyForDeploymentPostprocessing = 0;
		};
		DBA37FA42B78E63C00051C51 /* Frameworks */ = {
			isa = PBXFrameworksBuildPhase;
			buildActionMask = 2147483647;
			files = (
			);
			runOnlyForDeploymentPostprocessing = 0;
		};
		DBA37FAE2B78E63C00051C51 /* Frameworks */ = {
			isa = PBXFrameworksBuildPhase;
			buildActionMask = 2147483647;
			files = (
			);
			runOnlyForDeploymentPostprocessing = 0;
		};
/* End PBXFrameworksBuildPhase section */

/* Begin PBXGroup section */
		DBA37F882B78E63B00051C51 = {
			isa = PBXGroup;
			children = (
				DBA37F932B78E63B00051C51 /* OzinsheDemo2 */,
				DBA37FAA2B78E63C00051C51 /* OzinsheDemo2Tests */,
				DBA37FB42B78E63C00051C51 /* OzinsheDemo2UITests */,
				DBA37F922B78E63B00051C51 /* Products */,
			);
			sourceTree = "<group>";
		};
		DBA37F922B78E63B00051C51 /* Products */ = {
			isa = PBXGroup;
			children = (
				DBA37F912B78E63B00051C51 /* OzinsheDemo2.app */,
				DBA37FA72B78E63C00051C51 /* OzinsheDemo2Tests.xctest */,
				DBA37FB12B78E63C00051C51 /* OzinsheDemo2UITests.xctest */,
			);
			name = Products;
			sourceTree = "<group>";
		};
		DBA37F932B78E63B00051C51 /* OzinsheDemo2 */ = {
			isa = PBXGroup;
			children = (
				DBA37F942B78E63B00051C51 /* AppDelegate.swift */,
				DBA37F962B78E63B00051C51 /* SceneDelegate.swift */,
				DBA37F982B78E63B00051C51 /* ViewController.swift */,
				DBA37F9A2B78E63B00051C51 /* Main.storyboard */,
				DBA37F9D2B78E63C00051C51 /* Assets.xcassets */,
				DBA37F9F2B78E63C00051C51 /* LaunchScreen.storyboard */,
				DBA37FA22B78E63C00051C51 /* Info.plist */,
			);
			path = OzinsheDemo2;
			sourceTree = "<group>";
		};
		DBA37FAA2B78E63C00051C51 /* OzinsheDemo2Tests */ = {
			isa = PBXGroup;
			children = (
				DBA37FAB2B78E63C00051C51 /* OzinsheDemo2Tests.swift */,
			);
			path = OzinsheDemo2Tests;
			sourceTree = "<group>";
		};
		DBA37FB42B78E63C00051C51 /* OzinsheDemo2UITests */ = {
			isa = PBXGroup;
			children = (
				DBA37FB52B78E63C00051C51 /* OzinsheDemo2UITests.swift */,
				DBA37FB72B78E63C00051C51 /* OzinsheDemo2UITestsLaunchTests.swift */,
			);
			path = OzinsheDemo2UITests;
			sourceTree = "<group>";
		};
/* End PBXGroup section */

/* Begin PBXNativeTarget section */
		DBA37F902B78E63B00051C51 /* OzinsheDemo2 */ = {
			isa = PBXNativeTarget;
			buildConfigurationList = DBA37FBB2B78E63C00051C51 /* Build configuration list for PBXNativeTarget "OzinsheDemo2" */;
			buildPhases = (
				DBA37F8D2B78E63B00051C51 /* Sources */,
				DBA37F8E2B78E63B00051C51 /* Frameworks */,
				DBA37F8F2B78E63B00051C51 /* Resources */,
			);
			buildRules = (
			);
			dependencies = (
			);
			name = OzinsheDemo2;
			productName = OzinsheDemo2;
			productReference = DBA37F912B78E63B00051C51 /* OzinsheDemo2.app */;
			productType = "com.apple.product-type.application";
		};
		DBA37FA62B78E63C00051C51 /* OzinsheDemo2Tests */ = {
			isa = PBXNativeTarget;
			buildConfigurationList = DBA37FBE2B78E63C00051C51 /* Build configuration list for PBXNativeTarget "OzinsheDemo2Tests" */;
			buildPhases = (
				DBA37FA32B78E63C00051C51 /* Sources */,
				DBA37FA42B78E63C00051C51 /* Frameworks */,
				DBA37FA52B78E63C00051C51 /* Resources */,
			);
			buildRules = (
			);
			dependencies = (
				DBA37FA92B78E63C00051C51 /* PBXTargetDependency */,
			);
			name = OzinsheDemo2Tests;
			productName = OzinsheDemo2Tests;
			productReference = DBA37FA72B78E63C00051C51 /* OzinsheDemo2Tests.xctest */;
			productType = "com.apple.product-type.bundle.unit-test";
		};
		DBA37FB02B78E63C00051C51 /* OzinsheDemo2UITests */ = {
			isa = PBXNativeTarget;
			buildConfigurationList = DBA37FC12B78E63C00051C51 /* Build configuration list for PBXNativeTarget "OzinsheDemo2UITests" */;
			buildPhases = (
				DBA37FAD2B78E63C00051C51 /* Sources */,
				DBA37FAE2B78E63C00051C51 /* Frameworks */,
				DBA37FAF2B78E63C00051C51 /* Resources */,
			);
			buildRules = (
			);
			dependencies = (
				DBA37FB32B78E63C00051C51 /* PBXTargetDependency */,
			);
			name = OzinsheDemo2UITests;
			productName = OzinsheDemo2UITests;
			productReference = DBA37FB12B78E63C00051C51 /* OzinsheDemo2UITests.xctest */;
			productType = "com.apple.product-type.bundle.ui-testing";
		};
/* End PBXNativeTarget section */

/* Begin PBXProject section */
		DBA37F892B78E63B00051C51 /* Project object */ = {
			isa = PBXProject;
			attributes = {
				BuildIndependentTargetsInParallel = 1;
				LastSwiftUpdateCheck = 1520;
				LastUpgradeCheck = 1520;
				TargetAttributes = {
					DBA37F902B78E63B00051C51 = {
						CreatedOnToolsVersion = 15.2;
					};
					DBA37FA62B78E63C00051C51 = {
						CreatedOnToolsVersion = 15.2;
						TestTargetID = DBA37F902B78E63B00051C51;
					};
					DBA37FB02B78E63C00051C51 = {
						CreatedOnToolsVersion = 15.2;
						TestTargetID = DBA37F902B78E63B00051C51;
					};
				};
			};
			buildConfigurationList = DBA37F8C2B78E63B00051C51 /* Build configuration list for PBXProject "OzinsheDemo2" */;
			compatibilityVersion = "Xcode 14.0";
			developmentRegion = en;
			hasScannedForEncodings = 0;
			knownRegions = (
				en,
				Base,
			);
			mainGroup = DBA37F882B78E63B00051C51;
			productRefGroup = DBA37F922B78E63B00051C51 /* Products */;
			projectDirPath = "";
			projectRoot = "";
			targets = (
				DBA37F902B78E63B00051C51 /* OzinsheDemo2 */,
				DBA37FA62B78E63C00051C51 /* OzinsheDemo2Tests */,
				DBA37FB02B78E63C00051C51 /* OzinsheDemo2UITests */,
			);
		};
/* End PBXProject section */

/* Begin PBXResourcesBuildPhase section */
		DBA37F8F2B78E63B00051C51 /* Resources */ = {
			isa = PBXResourcesBuildPhase;
			buildActionMask = 2147483647;
			files = (
				DBA37FA12B78E63C00051C51 /* LaunchScreen.storyboard in Resources */,
				DBA37F9E2B78E63C00051C51 /* Assets.xcassets in Resources */,
				DBA37F9C2B78E63B00051C51 /* Main.storyboard in Resources */,
			);
			runOnlyForDeploymentPostprocessing = 0;
		};
		DBA37FA52B78E63C00051C51 /* Resources */ = {
			isa = PBXResourcesBuildPhase;
			buildActionMask = 2147483647;
			files = (
			);
			runOnlyForDeploymentPostprocessing = 0;
		};
		DBA37FAF2B78E63C00051C51 /* Resources */ = {
			isa = PBXResourcesBuildPhase;
			buildActionMask = 2147483647;
			files = (
			);
			runOnlyForDeploymentPostprocessing = 0;
		};
/* End PBXResourcesBuildPhase section */

/* Begin PBXSourcesBuildPhase section */
		DBA37F8D2B78E63B00051C51 /* Sources */ = {
			isa = PBXSourcesBuildPhase;
			buildActionMask = 2147483647;
			files = (
				DBA37F992B78E63B00051C51 /* ViewController.swift in Sources */,
				DBA37F952B78E63B00051C51 /* AppDelegate.swift in Sources */,
				DBA37F972B78E63B00051C51 /* SceneDelegate.swift in Sources */,
			);
			runOnlyForDeploymentPostprocessing = 0;
		};
		DBA37FA32B78E63C00051C51 /* Sources */ = {
			isa = PBXSourcesBuildPhase;
			buildActionMask = 2147483647;
			files = (
				DBA37FAC2B78E63C00051C51 /* OzinsheDemo2Tests.swift in Sources */,
			);
			runOnlyForDeploymentPostprocessing = 0;
		};
		DBA37FAD2B78E63C00051C51 /* Sources */ = {
			isa = PBXSourcesBuildPhase;
			buildActionMask = 2147483647;
			files = (
				DBA37FB62B78E63C00051C51 /* OzinsheDemo2UITests.swift in Sources */,
				DBA37FB82B78E63C00051C51 /* OzinsheDemo2UITestsLaunchTests.swift in Sources */,
			);
			runOnlyForDeploymentPostprocessing = 0;
		};
/* End PBXSourcesBuildPhase section */

/* Begin PBXTargetDependency section */
		DBA37FA92B78E63C00051C51 /* PBXTargetDependency */ = {
			isa = PBXTargetDependency;
			target = DBA37F902B78E63B00051C51 /* OzinsheDemo2 */;
			targetProxy = DBA37FA82B78E63C00051C51 /* PBXContainerItemProxy */;
		};
		DBA37FB32B78E63C00051C51 /* PBXTargetDependency */ = {
			isa = PBXTargetDependency;
			target = DBA37F902B78E63B00051C51 /* OzinsheDemo2 */;
			targetProxy = DBA37FB22B78E63C00051C51 /* PBXContainerItemProxy */;
		};
/* End PBXTargetDependency section */

/* Begin PBXVariantGroup section */
		DBA37F9A2B78E63B00051C51 /* Main.storyboard */ = {
			isa = PBXVariantGroup;
			children = (
				DBA37F9B2B78E63B00051C51 /* Base */,
			);
			name = Main.storyboard;
			sourceTree = "<group>";
		};
		DBA37F9F2B78E63C00051C51 /* LaunchScreen.storyboard */ = {
			isa = PBXVariantGroup;
			children = (
				DBA37FA02B78E63C00051C51 /* Base */,
			);
			name = LaunchScreen.storyboard;
			sourceTree = "<group>";
		};
/* End PBXVariantGroup section */

/* Begin XCBuildConfiguration section */
		DBA37FB92B78E63C00051C51 /* Debug */ = {
			isa = XCBuildConfiguration;
			buildSettings = {
				ALWAYS_SEARCH_USER_PATHS = NO;
				ASSETCATALOG_COMPILER_GENERATE_SWIFT_ASSET_SYMBOL_EXTENSIONS = YES;
				CLANG_ANALYZER_NONNULL = YES;
				CLANG_ANALYZER_NUMBER_OBJECT_CONVERSION = YES_AGGRESSIVE;
				CLANG_CXX_LANGUAGE_STANDARD = "gnu++20";
				CLANG_ENABLE_MODULES = YES;
				CLANG_ENABLE_OBJC_ARC = YES;
				CLANG_ENABLE_OBJC_WEAK = YES;
				CLANG_WARN_BLOCK_CAPTURE_AUTORELEASING = YES;
				CLANG_WARN_BOOL_CONVERSION = YES;
				CLANG_WARN_COMMA = YES;
				CLANG_WARN_CONSTANT_CONVERSION = YES;
				CLANG_WARN_DEPRECATED_OBJC_IMPLEMENTATIONS = YES;
				CLANG_WARN_DIRECT_OBJC_ISA_USAGE = YES_ERROR;
				CLANG_WARN_DOCUMENTATION_COMMENTS = YES;
				CLANG_WARN_EMPTY_BODY = YES;
				CLANG_WARN_ENUM_CONVERSION = YES;
				CLANG_WARN_INFINITE_RECURSION = YES;
				CLANG_WARN_INT_CONVERSION = YES;
				CLANG_WARN_NON_LITERAL_NULL_CONVERSION = YES;
				CLANG_WARN_OBJC_IMPLICIT_RETAIN_SELF = YES;
				CLANG_WARN_OBJC_LITERAL_CONVERSION = YES;
				CLANG_WARN_OBJC_ROOT_CLASS = YES_ERROR;
				CLANG_WARN_QUOTED_INCLUDE_IN_FRAMEWORK_HEADER = YES;
				CLANG_WARN_RANGE_LOOP_ANALYSIS = YES;
				CLANG_WARN_STRICT_PROTOTYPES = YES;
				CLANG_WARN_SUSPICIOUS_MOVE = YES;
				CLANG_WARN_UNGUARDED_AVAILABILITY = YES_AGGRESSIVE;
				CLANG_WARN_UNREACHABLE_CODE = YES;
				CLANG_WARN__DUPLICATE_METHOD_MATCH = YES;
				COPY_PHASE_STRIP = NO;
				DEBUG_INFORMATION_FORMAT = dwarf;
				ENABLE_STRICT_OBJC_MSGSEND = YES;
				ENABLE_TESTABILITY = YES;
				ENABLE_USER_SCRIPT_SANDBOXING = YES;
				GCC_C_LANGUAGE_STANDARD = gnu17;
				GCC_DYNAMIC_NO_PIC = NO;
				GCC_NO_COMMON_BLOCKS = YES;
				GCC_OPTIMIZATION_LEVEL = 0;
				GCC_PREPROCESSOR_DEFINITIONS = (
					"DEBUG=1",
					"$(inherited)",
				);
				GCC_WARN_64_TO_32_BIT_CONVERSION = YES;
				GCC_WARN_ABOUT_RETURN_TYPE = YES_ERROR;
				GCC_WARN_UNDECLARED_SELECTOR = YES;
				GCC_WARN_UNINITIALIZED_AUTOS = YES_AGGRESSIVE;
				GCC_WARN_UNUSED_FUNCTION = YES;
				GCC_WARN_UNUSED_VARIABLE = YES;
				IPHONEOS_DEPLOYMENT_TARGET = 17.2;
				LOCALIZATION_PREFERS_STRING_CATALOGS = YES;
				MTL_ENABLE_DEBUG_INFO = INCLUDE_SOURCE;
				MTL_FAST_MATH = YES;
				ONLY_ACTIVE_ARCH = YES;
				SDKROOT = iphoneos;
				SWIFT_ACTIVE_COMPILATION_CONDITIONS = "DEBUG $(inherited)";
				SWIFT_OPTIMIZATION_LEVEL = "-Onone";
			};
			name = Debug;
		};
		DBA37FBA2B78E63C00051C51 /* Release */ = {
			isa = XCBuildConfiguration;
			buildSettings = {
				ALWAYS_SEARCH_USER_PATHS = NO;
				ASSETCATALOG_COMPILER_GENERATE_SWIFT_ASSET_SYMBOL_EXTENSIONS = YES;
				CLANG_ANALYZER_NONNULL = YES;
				CLANG_ANALYZER_NUMBER_OBJECT_CONVERSION = YES_AGGRESSIVE;
				CLANG_CXX_LANGUAGE_STANDARD = "gnu++20";
				CLANG_ENABLE_MODULES = YES;
				CLANG_ENABLE_OBJC_ARC = YES;
				CLANG_ENABLE_OBJC_WEAK = YES;
				CLANG_WARN_BLOCK_CAPTURE_AUTORELEASING = YES;
				CLANG_WARN_BOOL_CONVERSION = YES;
				CLANG_WARN_COMMA = YES;
				CLANG_WARN_CONSTANT_CONVERSION = YES;
				CLANG_WARN_DEPRECATED_OBJC_IMPLEMENTATIONS = YES;
				CLANG_WARN_DIRECT_OBJC_ISA_USAGE = YES_ERROR;
				CLANG_WARN_DOCUMENTATION_COMMENTS = YES;
				CLANG_WARN_EMPTY_BODY = YES;
				CLANG_WARN_ENUM_CONVERSION = YES;
				CLANG_WARN_INFINITE_RECURSION = YES;
				CLANG_WARN_INT_CONVERSION = YES;
				CLANG_WARN_NON_LITERAL_NULL_CONVERSION = YES;
				CLANG_WARN_OBJC_IMPLICIT_RETAIN_SELF = YES;
				CLANG_WARN_OBJC_LITERAL_CONVERSION = YES;
				CLANG_WARN_OBJC_ROOT_CLASS = YES_ERROR;
				CLANG_WARN_QUOTED_INCLUDE_IN_FRAMEWORK_HEADER = YES;
				CLANG_WARN_RANGE_LOOP_ANALYSIS = YES;
				CLANG_WARN_STRICT_PROTOTYPES = YES;
				CLANG_WARN_SUSPICIOUS_MOVE = YES;
				CLANG_WARN_UNGUARDED_AVAILABILITY = YES_AGGRESSIVE;
				CLANG_WARN_UNREACHABLE_CODE = YES;
				CLANG_WARN__DUPLICATE_METHOD_MATCH = YES;
				COPY_PHASE_STRIP = NO;
				DEBUG_INFORMATION_FORMAT = "dwarf-with-dsym";
				ENABLE_NS_ASSERTIONS = NO;
				ENABLE_STRICT_OBJC_MSGSEND = YES;
				ENABLE_USER_SCRIPT_SANDBOXING = YES;
				GCC_C_LANGUAGE_STANDARD = gnu17;
				GCC_NO_COMMON_BLOCKS = YES;
				GCC_WARN_64_TO_32_BIT_CONVERSION = YES;
				GCC_WARN_ABOUT_RETURN_TYPE = YES_ERROR;
				GCC_WARN_UNDECLARED_SELECTOR = YES;
				GCC_WARN_UNINITIALIZED_AUTOS = YES_AGGRESSIVE;
				GCC_WARN_UNUSED_FUNCTION = YES;
				GCC_WARN_UNUSED_VARIABLE = YES;
				IPHONEOS_DEPLOYMENT_TARGET = 17.2;
				LOCALIZATION_PREFERS_STRING_CATALOGS = YES;
				MTL_ENABLE_DEBUG_INFO = NO;
				MTL_FAST_MATH = YES;
				SDKROOT = iphoneos;
				SWIFT_COMPILATION_MODE = wholemodule;
				VALIDATE_PRODUCT = YES;
			};
			name = Release;
		};
		DBA37FBC2B78E63C00051C51 /* Debug */ = {
			isa = XCBuildConfiguration;
			buildSettings = {
				ASSETCATALOG_COMPILER_APPICON_NAME = AppIcon;
				ASSETCATALOG_COMPILER_GLOBAL_ACCENT_COLOR_NAME = AccentColor;
				CODE_SIGN_STYLE = Automatic;
				CURRENT_PROJECT_VERSION = 1;
				GENERATE_INFOPLIST_FILE = YES;
				INFOPLIST_FILE = OzinsheDemo2/Info.plist;
				INFOPLIST_KEY_UIApplicationSupportsIndirectInputEvents = YES;
				INFOPLIST_KEY_UILaunchStoryboardName = LaunchScreen;
				INFOPLIST_KEY_UIMainStoryboardFile = Main;
				INFOPLIST_KEY_UISupportedInterfaceOrientations_iPad = "UIInterfaceOrientationPortrait UIInterfaceOrientationPortraitUpsideDown UIInterfaceOrientationLandscapeLeft UIInterfaceOrientationLandscapeRight";
				INFOPLIST_KEY_UISupportedInterfaceOrientations_iPhone = "UIInterfaceOrientationPortrait UIInterfaceOrientationLandscapeLeft UIInterfaceOrientationLandscapeRight";
				LD_RUNPATH_SEARCH_PATHS = (
					"$(inherited)",
					"@executable_path/Frameworks",
				);
				MARKETING_VERSION = 1.0;
				PRODUCT_BUNDLE_IDENTIFIER = Aset.OzinsheDemo2;
				PRODUCT_NAME = "$(TARGET_NAME)";
				SWIFT_EMIT_LOC_STRINGS = YES;
				SWIFT_VERSION = 5.0;
				TARGETED_DEVICE_FAMILY = "1,2";
			};
			name = Debug;
		};
		DBA37FBD2B78E63C00051C51 /* Release */ = {
			isa = XCBuildConfiguration;
			buildSettings = {
				ASSETCATALOG_COMPILER_APPICON_NAME = AppIcon;
				ASSETCATALOG_COMPILER_GLOBAL_ACCENT_COLOR_NAME = AccentColor;
				CODE_SIGN_STYLE = Automatic;
				CURRENT_PROJECT_VERSION = 1;
				GENERATE_INFOPLIST_FILE = YES;
				INFOPLIST_FILE = OzinsheDemo2/Info.plist;
				INFOPLIST_KEY_UIApplicationSupportsIndirectInputEvents = YES;
				INFOPLIST_KEY_UILaunchStoryboardName = LaunchScreen;
				INFOPLIST_KEY_UIMainStoryboardFile = Main;
				INFOPLIST_KEY_UISupportedInterfaceOrientations_iPad = "UIInterfaceOrientationPortrait UIInterfaceOrientationPortraitUpsideDown UIInterfaceOrientationLandscapeLeft UIInterfaceOrientationLandscapeRight";
				INFOPLIST_KEY_UISupportedInterfaceOrientations_iPhone = "UIInterfaceOrientationPortrait UIInterfaceOrientationLandscapeLeft UIInterfaceOrientationLandscapeRight";
				LD_RUNPATH_SEARCH_PATHS = (
					"$(inherited)",
					"@executable_path/Frameworks",
				);
				MARKETING_VERSION = 1.0;
				PRODUCT_BUNDLE_IDENTIFIER = Aset.OzinsheDemo2;
				PRODUCT_NAME = "$(TARGET_NAME)";
				SWIFT_EMIT_LOC_STRINGS = YES;
				SWIFT_VERSION = 5.0;
				TARGETED_DEVICE_FAMILY = "1,2";
			};
			name = Release;
		};
		DBA37FBF2B78E63C00051C51 /* Debug */ = {
			isa = XCBuildConfiguration;
			buildSettings = {
				ALWAYS_EMBED_SWIFT_STANDARD_LIBRARIES = YES;
				BUNDLE_LOADER = "$(TEST_HOST)";
				CODE_SIGN_STYLE = Automatic;
				CURRENT_PROJECT_VERSION = 1;
				GENERATE_INFOPLIST_FILE = YES;
				IPHONEOS_DEPLOYMENT_TARGET = 17.2;
				MARKETING_VERSION = 1.0;
				PRODUCT_BUNDLE_IDENTIFIER = Aset.OzinsheDemo2Tests;
				PRODUCT_NAME = "$(TARGET_NAME)";
				SWIFT_EMIT_LOC_STRINGS = NO;
				SWIFT_VERSION = 5.0;
				TARGETED_DEVICE_FAMILY = "1,2";
				TEST_HOST = "$(BUILT_PRODUCTS_DIR)/OzinsheDemo2.app/$(BUNDLE_EXECUTABLE_FOLDER_PATH)/OzinsheDemo2";
			};
			name = Debug;
		};
		DBA37FC02B78E63C00051C51 /* Release */ = {
			isa = XCBuildConfiguration;
			buildSettings = {
				ALWAYS_EMBED_SWIFT_STANDARD_LIBRARIES = YES;
				BUNDLE_LOADER = "$(TEST_HOST)";
				CODE_SIGN_STYLE = Automatic;
				CURRENT_PROJECT_VERSION = 1;
				GENERATE_INFOPLIST_FILE = YES;
				IPHONEOS_DEPLOYMENT_TARGET = 17.2;
				MARKETING_VERSION = 1.0;
				PRODUCT_BUNDLE_IDENTIFIER = Aset.OzinsheDemo2Tests;
				PRODUCT_NAME = "$(TARGET_NAME)";
				SWIFT_EMIT_LOC_STRINGS = NO;
				SWIFT_VERSION = 5.0;
				TARGETED_DEVICE_FAMILY = "1,2";
				TEST_HOST = "$(BUILT_PRODUCTS_DIR)/OzinsheDemo2.app/$(BUNDLE_EXECUTABLE_FOLDER_PATH)/OzinsheDemo2";
			};
			name = Release;
		};
		DBA37FC22B78E63C00051C51 /* Debug */ = {
			isa = XCBuildConfiguration;
			buildSettings = {
				ALWAYS_EMBED_SWIFT_STANDARD_LIBRARIES = YES;
				CODE_SIGN_STYLE = Automatic;
				CURRENT_PROJECT_VERSION = 1;
				GENERATE_INFOPLIST_FILE = YES;
				MARKETING_VERSION = 1.0;
				PRODUCT_BUNDLE_IDENTIFIER = Aset.OzinsheDemo2UITests;
				PRODUCT_NAME = "$(TARGET_NAME)";
				SWIFT_EMIT_LOC_STRINGS = NO;
				SWIFT_VERSION = 5.0;
				TARGETED_DEVICE_FAMILY = "1,2";
				TEST_TARGET_NAME = OzinsheDemo2;
			};
			name = Debug;
		};
		DBA37FC32B78E63C00051C51 /* Release */ = {
			isa = XCBuildConfiguration;
			buildSettings = {
				ALWAYS_EMBED_SWIFT_STANDARD_LIBRARIES = YES;
				CODE_SIGN_STYLE = Automatic;
				CURRENT_PROJECT_VERSION = 1;
				GENERATE_INFOPLIST_FILE = YES;
				MARKETING_VERSION = 1.0;
				PRODUCT_BUNDLE_IDENTIFIER = Aset.OzinsheDemo2UITests;
				PRODUCT_NAME = "$(TARGET_NAME)";
				SWIFT_EMIT_LOC_STRINGS = NO;
				SWIFT_VERSION = 5.0;
				TARGETED_DEVICE_FAMILY = "1,2";
				TEST_TARGET_NAME = OzinsheDemo2;
			};
			name = Release;
		};
/* End XCBuildConfiguration section */

/* Begin XCConfigurationList section */
		DBA37F8C2B78E63B00051C51 /* Build configuration list for PBXProject "OzinsheDemo2" */ = {
			isa = XCConfigurationList;
			buildConfigurations = (
				DBA37FB92B78E63C00051C51 /* Debug */,
				DBA37FBA2B78E63C00051C51 /* Release */,
			);
			defaultConfigurationIsVisible = 0;
			defaultConfigurationName = Release;
		};
		DBA37FBB2B78E63C00051C51 /* Build configuration list for PBXNativeTarget "OzinsheDemo2" */ = {
			isa = XCConfigurationList;
			buildConfigurations = (
				DBA37FBC2B78E63C00051C51 /* Debug */,
				DBA37FBD2B78E63C00051C51 /* Release */,
			);
			defaultConfigurationIsVisible = 0;
			defaultConfigurationName = Release;
		};
		DBA37FBE2B78E63C00051C51 /* Build configuration list for PBXNativeTarget "OzinsheDemo2Tests" */ = {
			isa = XCConfigurationList;
			buildConfigurations = (
				DBA37FBF2B78E63C00051C51 /* Debug */,
				DBA37FC02B78E63C00051C51 /* Release */,
			);
			defaultConfigurationIsVisible = 0;
			defaultConfigurationName = Release;
		};
		DBA37FC12B78E63C00051C51 /* Build configuration list for PBXNativeTarget "OzinsheDemo2UITests" */ = {
			isa = XCConfigurationList;
			buildConfigurations = (
				DBA37FC22B78E63C00051C51 /* Debug */,
				DBA37FC32B78E63C00051C51 /* Release */,
			);
			defaultConfigurationIsVisible = 0;
			defaultConfigurationName = Release;
		};
/* End XCConfigurationList section */
	};
	rootObject = DBA37F892B78E63B00051C51 /* Project object */;
}
