// !$*UTF8*$!
{
	archiveVersion = 1;
	classes = {
	};
	objectVersion = 56;
	objects = {

/* Begin PBXBuildFile section */
		DB07DEB82B827DE8001E10C7 /* KeychainSwift in Frameworks */ = {isa = PBXBuildFile; productRef = DB07DEB72B827DE8001E10C7 /* KeychainSwift */; };
		DB07DEBA2B831A6F001E10C7 /* AuthService.swift in Sources */ = {isa = PBXBuildFile; fileRef = DB07DEB92B831A6F001E10C7 /* AuthService.swift */; };
		DB07DEBC2B831AC2001E10C7 /* Movie.swift in Sources */ = {isa = PBXBuildFile; fileRef = DB07DEBB2B831AC2001E10C7 /* Movie.swift */; };
		DB07DEBE2B831AEE001E10C7 /* Screenshot.swift in Sources */ = {isa = PBXBuildFile; fileRef = DB07DEBD2B831AEE001E10C7 /* Screenshot.swift */; };
		DB07DEC02B831B0F001E10C7 /* CategoryAge.swift in Sources */ = {isa = PBXBuildFile; fileRef = DB07DEBF2B831B0F001E10C7 /* CategoryAge.swift */; };
		DB07DEC22B831B2C001E10C7 /* Genres.swift in Sources */ = {isa = PBXBuildFile; fileRef = DB07DEC12B831B2C001E10C7 /* Genres.swift */; };
		DB07DEC42B831B4B001E10C7 /* Category.swift in Sources */ = {isa = PBXBuildFile; fileRef = DB07DEC32B831B4B001E10C7 /* Category.swift */; };
		DB07DEC62B831B8F001E10C7 /* MainMovie.swift in Sources */ = {isa = PBXBuildFile; fileRef = DB07DEC52B831B8F001E10C7 /* MainMovie.swift */; };
		DB07DEC82B831BA7001E10C7 /* BannerMovie.swift in Sources */ = {isa = PBXBuildFile; fileRef = DB07DEC72B831BA7001E10C7 /* BannerMovie.swift */; };
		DB07DECA2B831BBD001E10C7 /* Series.swift in Sources */ = {isa = PBXBuildFile; fileRef = DB07DEC92B831BBD001E10C7 /* Series.swift */; };
		DB07DED02B83289D001E10C7 /* MainMovieCollectionViewCell.swift in Sources */ = {isa = PBXBuildFile; fileRef = DB07DECF2B83289D001E10C7 /* MainMovieCollectionViewCell.swift */; };
		DB07DED82B833558001E10C7 /* MainMovieTableViewCell.swift in Sources */ = {isa = PBXBuildFile; fileRef = DB07DED72B833558001E10C7 /* MainMovieTableViewCell.swift */; };
		DB07DEDA2B833AAC001E10C7 /* TopAlignedCollectionView.swift in Sources */ = {isa = PBXBuildFile; fileRef = DB07DED92B833AAC001E10C7 /* TopAlignedCollectionView.swift */; };
		DB07DEDC2B835312001E10C7 /* MainBannerCollectionViewCell.swift in Sources */ = {isa = PBXBuildFile; fileRef = DB07DEDB2B835312001E10C7 /* MainBannerCollectionViewCell.swift */; };
		DB07DEDE2B835A83001E10C7 /* MainBannerTableViewCell.swift in Sources */ = {isa = PBXBuildFile; fileRef = DB07DEDD2B835A83001E10C7 /* MainBannerTableViewCell.swift */; };
		DB07DEE02B8364BE001E10C7 /* MainHistoryCollectionViewCell.swift in Sources */ = {isa = PBXBuildFile; fileRef = DB07DEDF2B8364BE001E10C7 /* MainHistoryCollectionViewCell.swift */; };
		DB07DEE22B8366BD001E10C7 /* MainHistoryTableViewCell.swift in Sources */ = {isa = PBXBuildFile; fileRef = DB07DEE12B8366BD001E10C7 /* MainHistoryTableViewCell.swift */; };
		DB07DEE42B8369B4001E10C7 /* AgeGenreCollectionViewCell.swift in Sources */ = {isa = PBXBuildFile; fileRef = DB07DEE32B8369B4001E10C7 /* AgeGenreCollectionViewCell.swift */; };
		DB07DEE62B836B3D001E10C7 /* MainAgeGenreTableViewCell.swift in Sources */ = {isa = PBXBuildFile; fileRef = DB07DEE52B836B3D001E10C7 /* MainAgeGenreTableViewCell.swift */; };
		DB07DEEA2B83C5CE001E10C7 /* ScreenshotCollectionViewCell.swift in Sources */ = {isa = PBXBuildFile; fileRef = DB07DEE92B83C5CE001E10C7 /* ScreenshotCollectionViewCell.swift */; };
		DB07DEEE2B83C88E001E10C7 /* SimilarMovieCollectionViewCell.swift in Sources */ = {isa = PBXBuildFile; fileRef = DB07DEED2B83C88E001E10C7 /* SimilarMovieCollectionViewCell.swift */; };
		DB07DEF02B83C950001E10C7 /* MovieInfoViewController.swift in Sources */ = {isa = PBXBuildFile; fileRef = DB07DEEF2B83C950001E10C7 /* MovieInfoViewController.swift */; };
		DB07DEF22B84C45D001E10C7 /* ItemDidSelect.swift in Sources */ = {isa = PBXBuildFile; fileRef = DB07DEF12B84C45D001E10C7 /* ItemDidSelect.swift */; };
		DB07DEF42B8526D3001E10C7 /* UILabel + Extension.swift in Sources */ = {isa = PBXBuildFile; fileRef = DB07DEF32B8526D3001E10C7 /* UILabel + Extension.swift */; };
		DB4D50112B7F859800C684F2 /* DynamicSize.swift in Sources */ = {isa = PBXBuildFile; fileRef = DB4D50102B7F859800C684F2 /* DynamicSize.swift */; };
		DB4E9E782B7BE7760074DAD5 /* CustomGradientView.swift in Sources */ = {isa = PBXBuildFile; fileRef = DB4E9E772B7BE7760074DAD5 /* CustomGradientView.swift */; };
		DB7078962B7DE2730010BFDA /* SignUpViewController.swift in Sources */ = {isa = PBXBuildFile; fileRef = DB7078952B7DE2730010BFDA /* SignUpViewController.swift */; };
		DB7078982B7E1D1E0010BFDA /* UIViewController+Extensions.swift in Sources */ = {isa = PBXBuildFile; fileRef = DB7078972B7E1D1E0010BFDA /* UIViewController+Extensions.swift */; };
		DB70789B2B7E2E590010BFDA /* URLs.swift in Sources */ = {isa = PBXBuildFile; fileRef = DB70789A2B7E2E590010BFDA /* URLs.swift */; };
		DB70789E2B7E2E950010BFDA /* Storage.swift in Sources */ = {isa = PBXBuildFile; fileRef = DB70789D2B7E2E950010BFDA /* Storage.swift */; };
		DB7078A02B7E2ED90010BFDA /* User.swift in Sources */ = {isa = PBXBuildFile; fileRef = DB70789F2B7E2ED90010BFDA /* User.swift */; };
		DB8A7F282B85D87F00B69212 /* SeasonCollectionViewCell.swift in Sources */ = {isa = PBXBuildFile; fileRef = DB8A7F272B85D87F00B69212 /* SeasonCollectionViewCell.swift */; };
		DB8A7F2A2B85DCC200B69212 /* SeriesTableViewCell.swift in Sources */ = {isa = PBXBuildFile; fileRef = DB8A7F292B85DCC200B69212 /* SeriesTableViewCell.swift */; };
		DB8A7F2C2B85DFDA00B69212 /* SeasonSeriesViewController.swift in Sources */ = {isa = PBXBuildFile; fileRef = DB8A7F2B2B85DFDA00B69212 /* SeasonSeriesViewController.swift */; };
		DB8A7F302B85FD9B00B69212 /* YouTubePlayerKit in Frameworks */ = {isa = PBXBuildFile; productRef = DB8A7F2F2B85FD9B00B69212 /* YouTubePlayerKit */; };
		DB8A7F332B87398700B69212 /* MovieTableViewCell.swift in Sources */ = {isa = PBXBuildFile; fileRef = DB8A7F322B87398700B69212 /* MovieTableViewCell.swift */; };
		DB8A7F352B87401D00B69212 /* CategoryViewController.swift in Sources */ = {isa = PBXBuildFile; fileRef = DB8A7F342B87401D00B69212 /* CategoryViewController.swift */; };
		DB8A7F372B875D7D00B69212 /* ScreenshotViewController.swift in Sources */ = {isa = PBXBuildFile; fileRef = DB8A7F362B875D7D00B69212 /* ScreenshotViewController.swift */; };
		DB8A7F3B2B87643E00B69212 /* UIImageView + Extension.swift in Sources */ = {isa = PBXBuildFile; fileRef = DB8A7F3A2B87643E00B69212 /* UIImageView + Extension.swift */; };
		DBA37F952B78E63B00051C51 /* AppDelegate.swift in Sources */ = {isa = PBXBuildFile; fileRef = DBA37F942B78E63B00051C51 /* AppDelegate.swift */; };
		DBA37F972B78E63B00051C51 /* SceneDelegate.swift in Sources */ = {isa = PBXBuildFile; fileRef = DBA37F962B78E63B00051C51 /* SceneDelegate.swift */; };
		DBA37F9E2B78E63C00051C51 /* Assets.xcassets in Resources */ = {isa = PBXBuildFile; fileRef = DBA37F9D2B78E63C00051C51 /* Assets.xcassets */; };
		DBA37FAC2B78E63C00051C51 /* OzinsheDemo2Tests.swift in Sources */ = {isa = PBXBuildFile; fileRef = DBA37FAB2B78E63C00051C51 /* OzinsheDemo2Tests.swift */; };
		DBA37FB62B78E63C00051C51 /* OzinsheDemo2UITests.swift in Sources */ = {isa = PBXBuildFile; fileRef = DBA37FB52B78E63C00051C51 /* OzinsheDemo2UITests.swift */; };
		DBA37FB82B78E63C00051C51 /* OzinsheDemo2UITestsLaunchTests.swift in Sources */ = {isa = PBXBuildFile; fileRef = DBA37FB72B78E63C00051C51 /* OzinsheDemo2UITestsLaunchTests.swift */; };
		DBA37FC62B78E68300051C51 /* SwiftyJSON in Frameworks */ = {isa = PBXBuildFile; productRef = DBA37FC52B78E68300051C51 /* SwiftyJSON */; };
		DBA37FC92B78E6AA00051C51 /* Alamofire in Frameworks */ = {isa = PBXBuildFile; productRef = DBA37FC82B78E6AA00051C51 /* Alamofire */; };
		DBA37FCD2B78E9AD00051C51 /* SVProgressHUD in Frameworks */ = {isa = PBXBuildFile; productRef = DBA37FCC2B78E9AD00051C51 /* SVProgressHUD */; };
		DBA37FD22B78F0B700051C51 /* Localizable.xcstrings in Resources */ = {isa = PBXBuildFile; fileRef = DBA37FD12B78F0B700051C51 /* Localizable.xcstrings */; };
		DBA37FD52B79E86900051C51 /* Localize_Swift in Frameworks */ = {isa = PBXBuildFile; productRef = DBA37FD42B79E86900051C51 /* Localize_Swift */; };
		DBA37FDB2B79E99900051C51 /* SF-Pro-Display-Bold.otf in Resources */ = {isa = PBXBuildFile; fileRef = DBA37FD72B79E99900051C51 /* SF-Pro-Display-Bold.otf */; };
		DBA37FDC2B79E99900051C51 /* SF-Pro-Display-Regular.otf in Resources */ = {isa = PBXBuildFile; fileRef = DBA37FD82B79E99900051C51 /* SF-Pro-Display-Regular.otf */; };
		DBA37FDD2B79E99900051C51 /* SF-Pro-Display-Semibold.otf in Resources */ = {isa = PBXBuildFile; fileRef = DBA37FD92B79E99900051C51 /* SF-Pro-Display-Semibold.otf */; };
		DBA37FDE2B79E99900051C51 /* SF-Pro-Display-Medium.otf in Resources */ = {isa = PBXBuildFile; fileRef = DBA37FDA2B79E99900051C51 /* SF-Pro-Display-Medium.otf */; };
		DBA37FE52B79EA0B00051C51 /* OnboardingViewController.swift in Sources */ = {isa = PBXBuildFile; fileRef = DBA37FE42B79EA0B00051C51 /* OnboardingViewController.swift */; };
		DBA37FE82B79EABB00051C51 /* SnapKit in Frameworks */ = {isa = PBXBuildFile; productRef = DBA37FE72B79EABB00051C51 /* SnapKit */; };
		DBA37FEA2B79EAD100051C51 /* SnapKit-Dynamic in Frameworks */ = {isa = PBXBuildFile; productRef = DBA37FE92B79EAD100051C51 /* SnapKit-Dynamic */; };
		DBA37FEB2B79EAD100051C51 /* SnapKit-Dynamic in Embed Frameworks */ = {isa = PBXBuildFile; productRef = DBA37FE92B79EAD100051C51 /* SnapKit-Dynamic */; settings = {ATTRIBUTES = (CodeSignOnCopy, ); }; };
		DBA37FEE2B79EAE200051C51 /* SDWebImage in Frameworks */ = {isa = PBXBuildFile; productRef = DBA37FED2B79EAE200051C51 /* SDWebImage */; };
		DBA37FF02B79F70300051C51 /* Launch Screen.storyboard in Resources */ = {isa = PBXBuildFile; fileRef = DBA37FEF2B79F70300051C51 /* Launch Screen.storyboard */; };
		DBA37FF82B7A04CD00051C51 /* TabBarController.swift in Sources */ = {isa = PBXBuildFile; fileRef = DBA37FF72B7A04CD00051C51 /* TabBarController.swift */; };
		DBA37FFA2B7A05C000051C51 /* HomeViewController.swift in Sources */ = {isa = PBXBuildFile; fileRef = DBA37FF92B7A05C000051C51 /* HomeViewController.swift */; };
		DBA37FFC2B7A05D000051C51 /* SearchViewController.swift in Sources */ = {isa = PBXBuildFile; fileRef = DBA37FFB2B7A05D000051C51 /* SearchViewController.swift */; };
		DBA37FFE2B7A05DE00051C51 /* FavoritesViewController.swift in Sources */ = {isa = PBXBuildFile; fileRef = DBA37FFD2B7A05DE00051C51 /* FavoritesViewController.swift */; };
		DBA380002B7A05EB00051C51 /* ProfileViewController.swift in Sources */ = {isa = PBXBuildFile; fileRef = DBA37FFF2B7A05EB00051C51 /* ProfileViewController.swift */; };
		DBA380032B7A390A00051C51 /* SlidesCollectionViewCell.swift in Sources */ = {isa = PBXBuildFile; fileRef = DBA380022B7A390A00051C51 /* SlidesCollectionViewCell.swift */; };
		DBA380052B7A39B800051C51 /* Slides.swift in Sources */ = {isa = PBXBuildFile; fileRef = DBA380042B7A39B800051C51 /* Slides.swift */; };
		DBFDB7AF2B7C8A0700EA5C69 /* Grid.swift in Sources */ = {isa = PBXBuildFile; fileRef = DBFDB7AE2B7C8A0700EA5C69 /* Grid.swift */; };
		DBFDB7B12B7C8A1100EA5C69 /* Apperance.swift in Sources */ = {isa = PBXBuildFile; fileRef = DBFDB7B02B7C8A1100EA5C69 /* Apperance.swift */; };
		DBFDB7B72B7C933D00EA5C69 /* SignInViewController.swift in Sources */ = {isa = PBXBuildFile; fileRef = DBFDB7B62B7C933D00EA5C69 /* SignInViewController.swift */; };
		DBFDB7B92B7C9A6E00EA5C69 /* UITextfield+Extensions.swift in Sources */ = {isa = PBXBuildFile; fileRef = DBFDB7B82B7C9A6E00EA5C69 /* UITextfield+Extensions.swift */; };
/* End PBXBuildFile section */

/* Begin PBXContainerItemProxy section */
		DBA37FA82B78E63C00051C51 /* PBXContainerItemProxy */ = {
			isa = PBXContainerItemProxy;
			containerPortal = DBA37F892B78E63B00051C51 /* Project object */;
			proxyType = 1;
			remoteGlobalIDString = DBA37F902B78E63B00051C51;
			remoteInfo = OzinsheDemo2;
		};
		DBA37FB22B78E63C00051C51 /* PBXContainerItemProxy */ = {
			isa = PBXContainerItemProxy;
			containerPortal = DBA37F892B78E63B00051C51 /* Project object */;
			proxyType = 1;
			remoteGlobalIDString = DBA37F902B78E63B00051C51;
			remoteInfo = OzinsheDemo2;
		};
/* End PBXContainerItemProxy section */

/* Begin PBXCopyFilesBuildPhase section */
		DBA37FEC2B79EAD100051C51 /* Embed Frameworks */ = {
			isa = PBXCopyFilesBuildPhase;
			buildActionMask = 2147483647;
			dstPath = "";
			dstSubfolderSpec = 10;
			files = (
				DBA37FEB2B79EAD100051C51 /* SnapKit-Dynamic in Embed Frameworks */,
			);
			name = "Embed Frameworks";
			runOnlyForDeploymentPostprocessing = 0;
		};
/* End PBXCopyFilesBuildPhase section */

/* Begin PBXFileReference section */
		DB07DEB92B831A6F001E10C7 /* AuthService.swift */ = {isa = PBXFileReference; lastKnownFileType = sourcecode.swift; path = AuthService.swift; sourceTree = "<group>"; };
		DB07DEBB2B831AC2001E10C7 /* Movie.swift */ = {isa = PBXFileReference; lastKnownFileType = sourcecode.swift; path = Movie.swift; sourceTree = "<group>"; };
		DB07DEBD2B831AEE001E10C7 /* Screenshot.swift */ = {isa = PBXFileReference; lastKnownFileType = sourcecode.swift; path = Screenshot.swift; sourceTree = "<group>"; };
		DB07DEBF2B831B0F001E10C7 /* CategoryAge.swift */ = {isa = PBXFileReference; lastKnownFileType = sourcecode.swift; path = CategoryAge.swift; sourceTree = "<group>"; };
		DB07DEC12B831B2C001E10C7 /* Genres.swift */ = {isa = PBXFileReference; lastKnownFileType = sourcecode.swift; path = Genres.swift; sourceTree = "<group>"; };
		DB07DEC32B831B4B001E10C7 /* Category.swift */ = {isa = PBXFileReference; lastKnownFileType = sourcecode.swift; path = Category.swift; sourceTree = "<group>"; };
		DB07DEC52B831B8F001E10C7 /* MainMovie.swift */ = {isa = PBXFileReference; lastKnownFileType = sourcecode.swift; path = MainMovie.swift; sourceTree = "<group>"; };
		DB07DEC72B831BA7001E10C7 /* BannerMovie.swift */ = {isa = PBXFileReference; lastKnownFileType = sourcecode.swift; path = BannerMovie.swift; sourceTree = "<group>"; };
		DB07DEC92B831BBD001E10C7 /* Series.swift */ = {isa = PBXFileReference; lastKnownFileType = sourcecode.swift; path = Series.swift; sourceTree = "<group>"; };
		DB07DECF2B83289D001E10C7 /* MainMovieCollectionViewCell.swift */ = {isa = PBXFileReference; lastKnownFileType = sourcecode.swift; path = MainMovieCollectionViewCell.swift; sourceTree = "<group>"; };
		DB07DED72B833558001E10C7 /* MainMovieTableViewCell.swift */ = {isa = PBXFileReference; lastKnownFileType = sourcecode.swift; path = MainMovieTableViewCell.swift; sourceTree = "<group>"; };
		DB07DED92B833AAC001E10C7 /* TopAlignedCollectionView.swift */ = {isa = PBXFileReference; lastKnownFileType = sourcecode.swift; path = TopAlignedCollectionView.swift; sourceTree = "<group>"; };
		DB07DEDB2B835312001E10C7 /* MainBannerCollectionViewCell.swift */ = {isa = PBXFileReference; lastKnownFileType = sourcecode.swift; path = MainBannerCollectionViewCell.swift; sourceTree = "<group>"; };
		DB07DEDD2B835A83001E10C7 /* MainBannerTableViewCell.swift */ = {isa = PBXFileReference; lastKnownFileType = sourcecode.swift; path = MainBannerTableViewCell.swift; sourceTree = "<group>"; };
		DB07DEDF2B8364BE001E10C7 /* MainHistoryCollectionViewCell.swift */ = {isa = PBXFileReference; lastKnownFileType = sourcecode.swift; path = MainHistoryCollectionViewCell.swift; sourceTree = "<group>"; };
		DB07DEE12B8366BD001E10C7 /* MainHistoryTableViewCell.swift */ = {isa = PBXFileReference; lastKnownFileType = sourcecode.swift; path = MainHistoryTableViewCell.swift; sourceTree = "<group>"; };
		DB07DEE32B8369B4001E10C7 /* AgeGenreCollectionViewCell.swift */ = {isa = PBXFileReference; lastKnownFileType = sourcecode.swift; path = AgeGenreCollectionViewCell.swift; sourceTree = "<group>"; };
		DB07DEE52B836B3D001E10C7 /* MainAgeGenreTableViewCell.swift */ = {isa = PBXFileReference; lastKnownFileType = sourcecode.swift; path = MainAgeGenreTableViewCell.swift; sourceTree = "<group>"; };
		DB07DEE92B83C5CE001E10C7 /* ScreenshotCollectionViewCell.swift */ = {isa = PBXFileReference; lastKnownFileType = sourcecode.swift; path = ScreenshotCollectionViewCell.swift; sourceTree = "<group>"; };
		DB07DEED2B83C88E001E10C7 /* SimilarMovieCollectionViewCell.swift */ = {isa = PBXFileReference; lastKnownFileType = sourcecode.swift; path = SimilarMovieCollectionViewCell.swift; sourceTree = "<group>"; };
		DB07DEEF2B83C950001E10C7 /* MovieInfoViewController.swift */ = {isa = PBXFileReference; lastKnownFileType = sourcecode.swift; path = MovieInfoViewController.swift; sourceTree = "<group>"; };
		DB07DEF12B84C45D001E10C7 /* ItemDidSelect.swift */ = {isa = PBXFileReference; lastKnownFileType = sourcecode.swift; path = ItemDidSelect.swift; sourceTree = "<group>"; };
		DB07DEF32B8526D3001E10C7 /* UILabel + Extension.swift */ = {isa = PBXFileReference; lastKnownFileType = sourcecode.swift; path = "UILabel + Extension.swift"; sourceTree = "<group>"; };
		DB4D50102B7F859800C684F2 /* DynamicSize.swift */ = {isa = PBXFileReference; lastKnownFileType = sourcecode.swift; path = DynamicSize.swift; sourceTree = "<group>"; };
		DB4E9E772B7BE7760074DAD5 /* CustomGradientView.swift */ = {isa = PBXFileReference; lastKnownFileType = sourcecode.swift; path = CustomGradientView.swift; sourceTree = "<group>"; };
		DB7078952B7DE2730010BFDA /* SignUpViewController.swift */ = {isa = PBXFileReference; lastKnownFileType = sourcecode.swift; path = SignUpViewController.swift; sourceTree = "<group>"; };
		DB7078972B7E1D1E0010BFDA /* UIViewController+Extensions.swift */ = {isa = PBXFileReference; lastKnownFileType = sourcecode.swift; path = "UIViewController+Extensions.swift"; sourceTree = "<group>"; };
		DB70789A2B7E2E590010BFDA /* URLs.swift */ = {isa = PBXFileReference; lastKnownFileType = sourcecode.swift; path = URLs.swift; sourceTree = "<group>"; };
		DB70789D2B7E2E950010BFDA /* Storage.swift */ = {isa = PBXFileReference; lastKnownFileType = sourcecode.swift; path = Storage.swift; sourceTree = "<group>"; };
		DB70789F2B7E2ED90010BFDA /* User.swift */ = {isa = PBXFileReference; lastKnownFileType = sourcecode.swift; path = User.swift; sourceTree = "<group>"; };
		DB8A7F272B85D87F00B69212 /* SeasonCollectionViewCell.swift */ = {isa = PBXFileReference; lastKnownFileType = sourcecode.swift; path = SeasonCollectionViewCell.swift; sourceTree = "<group>"; };
		DB8A7F292B85DCC200B69212 /* SeriesTableViewCell.swift */ = {isa = PBXFileReference; lastKnownFileType = sourcecode.swift; path = SeriesTableViewCell.swift; sourceTree = "<group>"; };
		DB8A7F2B2B85DFDA00B69212 /* SeasonSeriesViewController.swift */ = {isa = PBXFileReference; lastKnownFileType = sourcecode.swift; path = SeasonSeriesViewController.swift; sourceTree = "<group>"; };
		DB8A7F322B87398700B69212 /* MovieTableViewCell.swift */ = {isa = PBXFileReference; lastKnownFileType = sourcecode.swift; path = MovieTableViewCell.swift; sourceTree = "<group>"; };
		DB8A7F342B87401D00B69212 /* CategoryViewController.swift */ = {isa = PBXFileReference; lastKnownFileType = sourcecode.swift; path = CategoryViewController.swift; sourceTree = "<group>"; };
		DB8A7F362B875D7D00B69212 /* ScreenshotViewController.swift */ = {isa = PBXFileReference; lastKnownFileType = sourcecode.swift; path = ScreenshotViewController.swift; sourceTree = "<group>"; };
		DB8A7F3A2B87643E00B69212 /* UIImageView + Extension.swift */ = {isa = PBXFileReference; lastKnownFileType = sourcecode.swift; path = "UIImageView + Extension.swift"; sourceTree = "<group>"; };
		DBA37F912B78E63B00051C51 /* OzinsheDemo2.app */ = {isa = PBXFileReference; explicitFileType = wrapper.application; includeInIndex = 0; path = OzinsheDemo2.app; sourceTree = BUILT_PRODUCTS_DIR; };
		DBA37F942B78E63B00051C51 /* AppDelegate.swift */ = {isa = PBXFileReference; lastKnownFileType = sourcecode.swift; path = AppDelegate.swift; sourceTree = "<group>"; };
		DBA37F962B78E63B00051C51 /* SceneDelegate.swift */ = {isa = PBXFileReference; lastKnownFileType = sourcecode.swift; path = SceneDelegate.swift; sourceTree = "<group>"; };
		DBA37F9D2B78E63C00051C51 /* Assets.xcassets */ = {isa = PBXFileReference; lastKnownFileType = folder.assetcatalog; path = Assets.xcassets; sourceTree = "<group>"; };
		DBA37FA22B78E63C00051C51 /* Info.plist */ = {isa = PBXFileReference; lastKnownFileType = text.plist.xml; path = Info.plist; sourceTree = "<group>"; };
		DBA37FA72B78E63C00051C51 /* OzinsheDemo2Tests.xctest */ = {isa = PBXFileReference; explicitFileType = wrapper.cfbundle; includeInIndex = 0; path = OzinsheDemo2Tests.xctest; sourceTree = BUILT_PRODUCTS_DIR; };
		DBA37FAB2B78E63C00051C51 /* OzinsheDemo2Tests.swift */ = {isa = PBXFileReference; lastKnownFileType = sourcecode.swift; path = OzinsheDemo2Tests.swift; sourceTree = "<group>"; };
		DBA37FB12B78E63C00051C51 /* OzinsheDemo2UITests.xctest */ = {isa = PBXFileReference; explicitFileType = wrapper.cfbundle; includeInIndex = 0; path = OzinsheDemo2UITests.xctest; sourceTree = BUILT_PRODUCTS_DIR; };
		DBA37FB52B78E63C00051C51 /* OzinsheDemo2UITests.swift */ = {isa = PBXFileReference; lastKnownFileType = sourcecode.swift; path = OzinsheDemo2UITests.swift; sourceTree = "<group>"; };
		DBA37FB72B78E63C00051C51 /* OzinsheDemo2UITestsLaunchTests.swift */ = {isa = PBXFileReference; lastKnownFileType = sourcecode.swift; path = OzinsheDemo2UITestsLaunchTests.swift; sourceTree = "<group>"; };
		DBA37FD12B78F0B700051C51 /* Localizable.xcstrings */ = {isa = PBXFileReference; lastKnownFileType = text.json.xcstrings; path = Localizable.xcstrings; sourceTree = "<group>"; };
		DBA37FD72B79E99900051C51 /* SF-Pro-Display-Bold.otf */ = {isa = PBXFileReference; lastKnownFileType = file; path = "SF-Pro-Display-Bold.otf"; sourceTree = "<group>"; };
		DBA37FD82B79E99900051C51 /* SF-Pro-Display-Regular.otf */ = {isa = PBXFileReference; lastKnownFileType = file; path = "SF-Pro-Display-Regular.otf"; sourceTree = "<group>"; };
		DBA37FD92B79E99900051C51 /* SF-Pro-Display-Semibold.otf */ = {isa = PBXFileReference; lastKnownFileType = file; path = "SF-Pro-Display-Semibold.otf"; sourceTree = "<group>"; };
		DBA37FDA2B79E99900051C51 /* SF-Pro-Display-Medium.otf */ = {isa = PBXFileReference; lastKnownFileType = file; path = "SF-Pro-Display-Medium.otf"; sourceTree = "<group>"; };
		DBA37FE42B79EA0B00051C51 /* OnboardingViewController.swift */ = {isa = PBXFileReference; lastKnownFileType = sourcecode.swift; path = OnboardingViewController.swift; sourceTree = "<group>"; };
		DBA37FEF2B79F70300051C51 /* Launch Screen.storyboard */ = {isa = PBXFileReference; lastKnownFileType = file.storyboard; name = "Launch Screen.storyboard"; path = "Base.lproj/Launch Screen.storyboard"; sourceTree = "<group>"; };
		DBA37FF72B7A04CD00051C51 /* TabBarController.swift */ = {isa = PBXFileReference; lastKnownFileType = sourcecode.swift; path = TabBarController.swift; sourceTree = "<group>"; };
		DBA37FF92B7A05C000051C51 /* HomeViewController.swift */ = {isa = PBXFileReference; lastKnownFileType = sourcecode.swift; path = HomeViewController.swift; sourceTree = "<group>"; };
		DBA37FFB2B7A05D000051C51 /* SearchViewController.swift */ = {isa = PBXFileReference; lastKnownFileType = sourcecode.swift; path = SearchViewController.swift; sourceTree = "<group>"; };
		DBA37FFD2B7A05DE00051C51 /* FavoritesViewController.swift */ = {isa = PBXFileReference; lastKnownFileType = sourcecode.swift; path = FavoritesViewController.swift; sourceTree = "<group>"; };
		DBA37FFF2B7A05EB00051C51 /* ProfileViewController.swift */ = {isa = PBXFileReference; lastKnownFileType = sourcecode.swift; path = ProfileViewController.swift; sourceTree = "<group>"; };
		DBA380022B7A390A00051C51 /* SlidesCollectionViewCell.swift */ = {isa = PBXFileReference; lastKnownFileType = sourcecode.swift; path = SlidesCollectionViewCell.swift; sourceTree = "<group>"; };
		DBA380042B7A39B800051C51 /* Slides.swift */ = {isa = PBXFileReference; lastKnownFileType = sourcecode.swift; path = Slides.swift; sourceTree = "<group>"; };
		DBFDB7AE2B7C8A0700EA5C69 /* Grid.swift */ = {isa = PBXFileReference; lastKnownFileType = sourcecode.swift; path = Grid.swift; sourceTree = "<group>"; };
		DBFDB7B02B7C8A1100EA5C69 /* Apperance.swift */ = {isa = PBXFileReference; lastKnownFileType = sourcecode.swift; path = Apperance.swift; sourceTree = "<group>"; };
		DBFDB7B62B7C933D00EA5C69 /* SignInViewController.swift */ = {isa = PBXFileReference; lastKnownFileType = sourcecode.swift; path = SignInViewController.swift; sourceTree = "<group>"; };
		DBFDB7B82B7C9A6E00EA5C69 /* UITextfield+Extensions.swift */ = {isa = PBXFileReference; lastKnownFileType = sourcecode.swift; path = "UITextfield+Extensions.swift"; sourceTree = "<group>"; };
/* End PBXFileReference section */

/* Begin PBXFrameworksBuildPhase section */
		DBA37F8E2B78E63B00051C51 /* Frameworks */ = {
			isa = PBXFrameworksBuildPhase;
			buildActionMask = 2147483647;
			files = (
				DBA37FCD2B78E9AD00051C51 /* SVProgressHUD in Frameworks */,
				DBA37FD52B79E86900051C51 /* Localize_Swift in Frameworks */,
				DB8A7F302B85FD9B00B69212 /* YouTubePlayerKit in Frameworks */,
				DBA37FC62B78E68300051C51 /* SwiftyJSON in Frameworks */,
				DBA37FEE2B79EAE200051C51 /* SDWebImage in Frameworks */,
				DBA37FC92B78E6AA00051C51 /* Alamofire in Frameworks */,
				DBA37FE82B79EABB00051C51 /* SnapKit in Frameworks */,
				DB07DEB82B827DE8001E10C7 /* KeychainSwift in Frameworks */,
				DBA37FEA2B79EAD100051C51 /* SnapKit-Dynamic in Frameworks */,
			);
			runOnlyForDeploymentPostprocessing = 0;
		};
		DBA37FA42B78E63C00051C51 /* Frameworks */ = {
			isa = PBXFrameworksBuildPhase;
			buildActionMask = 2147483647;
			files = (
			);
			runOnlyForDeploymentPostprocessing = 0;
		};
		DBA37FAE2B78E63C00051C51 /* Frameworks */ = {
			isa = PBXFrameworksBuildPhase;
			buildActionMask = 2147483647;
			files = (
			);
			runOnlyForDeploymentPostprocessing = 0;
		};
/* End PBXFrameworksBuildPhase section */

/* Begin PBXGroup section */
		DB07DECB2B832801001E10C7 /* MainMovie */ = {
			isa = PBXGroup;
			children = (
				DB07DECF2B83289D001E10C7 /* MainMovieCollectionViewCell.swift */,
				DB07DED72B833558001E10C7 /* MainMovieTableViewCell.swift */,
			);
			path = MainMovie;
			sourceTree = "<group>";
		};
		DB07DECC2B83283E001E10C7 /* MainHistory */ = {
			isa = PBXGroup;
			children = (
				DB07DEDF2B8364BE001E10C7 /* MainHistoryCollectionViewCell.swift */,
				DB07DEE12B8366BD001E10C7 /* MainHistoryTableViewCell.swift */,
			);
			path = MainHistory;
			sourceTree = "<group>";
		};
		DB07DECD2B83284E001E10C7 /* MainAgeGenre */ = {
			isa = PBXGroup;
			children = (
				DB07DEE32B8369B4001E10C7 /* AgeGenreCollectionViewCell.swift */,
				DB07DEE52B836B3D001E10C7 /* MainAgeGenreTableViewCell.swift */,
			);
			path = MainAgeGenre;
			sourceTree = "<group>";
		};
		DB07DECE2B83285A001E10C7 /* MainBanner */ = {
			isa = PBXGroup;
			children = (
				DB07DEDB2B835312001E10C7 /* MainBannerCollectionViewCell.swift */,
				DB07DEDD2B835A83001E10C7 /* MainBannerTableViewCell.swift */,
			);
			path = MainBanner;
			sourceTree = "<group>";
		};
		DB07DEE82B83C2A4001E10C7 /* MovieInfo */ = {
			isa = PBXGroup;
			children = (
				DB07DEEF2B83C950001E10C7 /* MovieInfoViewController.swift */,
				DB07DEE92B83C5CE001E10C7 /* ScreenshotCollectionViewCell.swift */,
				DB07DEED2B83C88E001E10C7 /* SimilarMovieCollectionViewCell.swift */,
				DB8A7F362B875D7D00B69212 /* ScreenshotViewController.swift */,
			);
			path = MovieInfo;
			sourceTree = "<group>";
		};
		DB7078992B7E2E4B0010BFDA /* Static */ = {
			isa = PBXGroup;
			children = (
				DB70789A2B7E2E590010BFDA /* URLs.swift */,
			);
			path = Static;
			sourceTree = "<group>";
		};
		DB70789C2B7E2E860010BFDA /* Shared */ = {
			isa = PBXGroup;
			children = (
				DB70789D2B7E2E950010BFDA /* Storage.swift */,
				DB07DEB92B831A6F001E10C7 /* AuthService.swift */,
			);
			path = Shared;
			sourceTree = "<group>";
		};
		DB8A7F262B85D85D00B69212 /* Seasons */ = {
			isa = PBXGroup;
			children = (
				DB8A7F272B85D87F00B69212 /* SeasonCollectionViewCell.swift */,
				DB8A7F292B85DCC200B69212 /* SeriesTableViewCell.swift */,
				DB8A7F2B2B85DFDA00B69212 /* SeasonSeriesViewController.swift */,
			);
			path = Seasons;
			sourceTree = "<group>";
		};
		DB8A7F312B87396C00B69212 /* Category */ = {
			isa = PBXGroup;
			children = (
				DB8A7F322B87398700B69212 /* MovieTableViewCell.swift */,
				DB8A7F342B87401D00B69212 /* CategoryViewController.swift */,
			);
			path = Category;
			sourceTree = "<group>";
		};
		DBA37F882B78E63B00051C51 = {
			isa = PBXGroup;
			children = (
				DBA37F932B78E63B00051C51 /* OzinsheDemo2 */,
				DBA37FAA2B78E63C00051C51 /* OzinsheDemo2Tests */,
				DBA37FB42B78E63C00051C51 /* OzinsheDemo2UITests */,
				DBA37F922B78E63B00051C51 /* Products */,
				DBA37FE62B79EABB00051C51 /* Frameworks */,
			);
			sourceTree = "<group>";
		};
		DBA37F922B78E63B00051C51 /* Products */ = {
			isa = PBXGroup;
			children = (
				DBA37F912B78E63B00051C51 /* OzinsheDemo2.app */,
				DBA37FA72B78E63C00051C51 /* OzinsheDemo2Tests.xctest */,
				DBA37FB12B78E63C00051C51 /* OzinsheDemo2UITests.xctest */,
			);
			name = Products;
			sourceTree = "<group>";
		};
		DBA37F932B78E63B00051C51 /* OzinsheDemo2 */ = {
			isa = PBXGroup;
			children = (
				DB70789C2B7E2E860010BFDA /* Shared */,
				DB7078992B7E2E4B0010BFDA /* Static */,
				DBA37FDF2B79E9AB00051C51 /* Extensions */,
				DBA37FD62B79E96E00051C51 /* Fonts */,
				DBA37FD02B78EFDD00051C51 /* Model */,
				DBA37FCF2B78EFD100051C51 /* Controllers */,
				DBA37F942B78E63B00051C51 /* AppDelegate.swift */,
				DBA37F962B78E63B00051C51 /* SceneDelegate.swift */,
				DBA37F9D2B78E63C00051C51 /* Assets.xcassets */,
				DBA37FA22B78E63C00051C51 /* Info.plist */,
				DBA37FD12B78F0B700051C51 /* Localizable.xcstrings */,
				DBA37FEF2B79F70300051C51 /* Launch Screen.storyboard */,
			);
			path = OzinsheDemo2;
			sourceTree = "<group>";
		};
		DBA37FAA2B78E63C00051C51 /* OzinsheDemo2Tests */ = {
			isa = PBXGroup;
			children = (
				DBA37FAB2B78E63C00051C51 /* OzinsheDemo2Tests.swift */,
			);
			path = OzinsheDemo2Tests;
			sourceTree = "<group>";
		};
		DBA37FB42B78E63C00051C51 /* OzinsheDemo2UITests */ = {
			isa = PBXGroup;
			children = (
				DBA37FB52B78E63C00051C51 /* OzinsheDemo2UITests.swift */,
				DBA37FB72B78E63C00051C51 /* OzinsheDemo2UITestsLaunchTests.swift */,
			);
			path = OzinsheDemo2UITests;
			sourceTree = "<group>";
		};
		DBA37FCF2B78EFD100051C51 /* Controllers */ = {
			isa = PBXGroup;
			children = (
				DB8A7F312B87396C00B69212 /* Category */,
				DB8A7F262B85D85D00B69212 /* Seasons */,
				DB07DEE82B83C2A4001E10C7 /* MovieInfo */,
				DBA380012B7A38DF00051C51 /* Onboarding */,
				DBFDB7B52B7C92F600EA5C69 /* Sign in Sign Up */,
				DBA37FE02B79E9D800051C51 /* Main */,
				DBA37FE32B79E9EF00051C51 /* Profile */,
				DBA37FE22B79E9E900051C51 /* Favorites */,
				DBA37FE12B79E9DF00051C51 /* Search */,
				DBA37FF72B7A04CD00051C51 /* TabBarController.swift */,
			);
			path = Controllers;
			sourceTree = "<group>";
		};
		DBA37FD02B78EFDD00051C51 /* Model */ = {
			isa = PBXGroup;
			children = (
				DBA380042B7A39B800051C51 /* Slides.swift */,
				DB70789F2B7E2ED90010BFDA /* User.swift */,
				DB07DEBB2B831AC2001E10C7 /* Movie.swift */,
				DB07DEBD2B831AEE001E10C7 /* Screenshot.swift */,
				DB07DEBF2B831B0F001E10C7 /* CategoryAge.swift */,
				DB07DEC12B831B2C001E10C7 /* Genres.swift */,
				DB07DEC32B831B4B001E10C7 /* Category.swift */,
				DB07DEC52B831B8F001E10C7 /* MainMovie.swift */,
				DB07DEC72B831BA7001E10C7 /* BannerMovie.swift */,
				DB07DEC92B831BBD001E10C7 /* Series.swift */,
			);
			path = Model;
			sourceTree = "<group>";
		};
		DBA37FD62B79E96E00051C51 /* Fonts */ = {
			isa = PBXGroup;
			children = (
				DBA37FD72B79E99900051C51 /* SF-Pro-Display-Bold.otf */,
				DBA37FDA2B79E99900051C51 /* SF-Pro-Display-Medium.otf */,
				DBA37FD82B79E99900051C51 /* SF-Pro-Display-Regular.otf */,
				DBA37FD92B79E99900051C51 /* SF-Pro-Display-Semibold.otf */,
			);
			path = Fonts;
			sourceTree = "<group>";
		};
		DBA37FDF2B79E9AB00051C51 /* Extensions */ = {
			isa = PBXGroup;
			children = (
				DB4E9E772B7BE7760074DAD5 /* CustomGradientView.swift */,
				DBFDB7AE2B7C8A0700EA5C69 /* Grid.swift */,
				DBFDB7B02B7C8A1100EA5C69 /* Apperance.swift */,
				DBFDB7B82B7C9A6E00EA5C69 /* UITextfield+Extensions.swift */,
				DB7078972B7E1D1E0010BFDA /* UIViewController+Extensions.swift */,
				DB4D50102B7F859800C684F2 /* DynamicSize.swift */,
				DB07DED92B833AAC001E10C7 /* TopAlignedCollectionView.swift */,
				DB07DEF12B84C45D001E10C7 /* ItemDidSelect.swift */,
				DB07DEF32B8526D3001E10C7 /* UILabel + Extension.swift */,
				DB8A7F3A2B87643E00B69212 /* UIImageView + Extension.swift */,
			);
			path = Extensions;
			sourceTree = "<group>";
		};
		DBA37FE02B79E9D800051C51 /* Main */ = {
			isa = PBXGroup;
			children = (
				DB07DECB2B832801001E10C7 /* MainMovie */,
				DB07DECE2B83285A001E10C7 /* MainBanner */,
				DB07DECC2B83283E001E10C7 /* MainHistory */,
				DB07DECD2B83284E001E10C7 /* MainAgeGenre */,
				DBA37FF92B7A05C000051C51 /* HomeViewController.swift */,
			);
			path = Main;
			sourceTree = "<group>";
		};
		DBA37FE12B79E9DF00051C51 /* Search */ = {
			isa = PBXGroup;
			children = (
				DBA37FFB2B7A05D000051C51 /* SearchViewController.swift */,
			);
			path = Search;
			sourceTree = "<group>";
		};
		DBA37FE22B79E9E900051C51 /* Favorites */ = {
			isa = PBXGroup;
			children = (
				DBA37FFD2B7A05DE00051C51 /* FavoritesViewController.swift */,
			);
			path = Favorites;
			sourceTree = "<group>";
		};
		DBA37FE32B79E9EF00051C51 /* Profile */ = {
			isa = PBXGroup;
			children = (
				DBA37FFF2B7A05EB00051C51 /* ProfileViewController.swift */,
			);
			path = Profile;
			sourceTree = "<group>";
		};
		DBA37FE62B79EABB00051C51 /* Frameworks */ = {
			isa = PBXGroup;
			children = (
			);
			name = Frameworks;
			sourceTree = "<group>";
		};
		DBA380012B7A38DF00051C51 /* Onboarding */ = {
			isa = PBXGroup;
			children = (
				DBA37FE42B79EA0B00051C51 /* OnboardingViewController.swift */,
				DBA380022B7A390A00051C51 /* SlidesCollectionViewCell.swift */,
			);
			path = Onboarding;
			sourceTree = "<group>";
		};
		DBFDB7B52B7C92F600EA5C69 /* Sign in Sign Up */ = {
			isa = PBXGroup;
			children = (
				DBFDB7B62B7C933D00EA5C69 /* SignInViewController.swift */,
				DB7078952B7DE2730010BFDA /* SignUpViewController.swift */,
			);
			path = "Sign in Sign Up";
			sourceTree = "<group>";
		};
/* End PBXGroup section */

/* Begin PBXNativeTarget section */
		DBA37F902B78E63B00051C51 /* OzinsheDemo2 */ = {
			isa = PBXNativeTarget;
			buildConfigurationList = DBA37FBB2B78E63C00051C51 /* Build configuration list for PBXNativeTarget "OzinsheDemo2" */;
			buildPhases = (
				DBA37F8D2B78E63B00051C51 /* Sources */,
				DBA37F8E2B78E63B00051C51 /* Frameworks */,
				DBA37F8F2B78E63B00051C51 /* Resources */,
				DBA37FEC2B79EAD100051C51 /* Embed Frameworks */,
			);
			buildRules = (
			);
			dependencies = (
			);
			name = OzinsheDemo2;
			packageProductDependencies = (
				DBA37FC52B78E68300051C51 /* SwiftyJSON */,
				DBA37FC82B78E6AA00051C51 /* Alamofire */,
				DBA37FCC2B78E9AD00051C51 /* SVProgressHUD */,
				DBA37FD42B79E86900051C51 /* Localize_Swift */,
				DBA37FE72B79EABB00051C51 /* SnapKit */,
				DBA37FE92B79EAD100051C51 /* SnapKit-Dynamic */,
				DBA37FED2B79EAE200051C51 /* SDWebImage */,
				DB07DEB72B827DE8001E10C7 /* KeychainSwift */,
				DB8A7F2F2B85FD9B00B69212 /* YouTubePlayerKit */,
			);
			productName = OzinsheDemo2;
			productReference = DBA37F912B78E63B00051C51 /* OzinsheDemo2.app */;
			productType = "com.apple.product-type.application";
		};
		DBA37FA62B78E63C00051C51 /* OzinsheDemo2Tests */ = {
			isa = PBXNativeTarget;
			buildConfigurationList = DBA37FBE2B78E63C00051C51 /* Build configuration list for PBXNativeTarget "OzinsheDemo2Tests" */;
			buildPhases = (
				DBA37FA32B78E63C00051C51 /* Sources */,
				DBA37FA42B78E63C00051C51 /* Frameworks */,
				DBA37FA52B78E63C00051C51 /* Resources */,
			);
			buildRules = (
			);
			dependencies = (
				DBA37FA92B78E63C00051C51 /* PBXTargetDependency */,
			);
			name = OzinsheDemo2Tests;
			productName = OzinsheDemo2Tests;
			productReference = DBA37FA72B78E63C00051C51 /* OzinsheDemo2Tests.xctest */;
			productType = "com.apple.product-type.bundle.unit-test";
		};
		DBA37FB02B78E63C00051C51 /* OzinsheDemo2UITests */ = {
			isa = PBXNativeTarget;
			buildConfigurationList = DBA37FC12B78E63C00051C51 /* Build configuration list for PBXNativeTarget "OzinsheDemo2UITests" */;
			buildPhases = (
				DBA37FAD2B78E63C00051C51 /* Sources */,
				DBA37FAE2B78E63C00051C51 /* Frameworks */,
				DBA37FAF2B78E63C00051C51 /* Resources */,
			);
			buildRules = (
			);
			dependencies = (
				DBA37FB32B78E63C00051C51 /* PBXTargetDependency */,
			);
			name = OzinsheDemo2UITests;
			productName = OzinsheDemo2UITests;
			productReference = DBA37FB12B78E63C00051C51 /* OzinsheDemo2UITests.xctest */;
			productType = "com.apple.product-type.bundle.ui-testing";
		};
/* End PBXNativeTarget section */

/* Begin PBXProject section */
		DBA37F892B78E63B00051C51 /* Project object */ = {
			isa = PBXProject;
			attributes = {
				BuildIndependentTargetsInParallel = 1;
				LastSwiftUpdateCheck = 1520;
				LastUpgradeCheck = 1520;
				TargetAttributes = {
					DBA37F902B78E63B00051C51 = {
						CreatedOnToolsVersion = 15.2;
					};
					DBA37FA62B78E63C00051C51 = {
						CreatedOnToolsVersion = 15.2;
						TestTargetID = DBA37F902B78E63B00051C51;
					};
					DBA37FB02B78E63C00051C51 = {
						CreatedOnToolsVersion = 15.2;
						TestTargetID = DBA37F902B78E63B00051C51;
					};
				};
			};
			buildConfigurationList = DBA37F8C2B78E63B00051C51 /* Build configuration list for PBXProject "OzinsheDemo2" */;
			compatibilityVersion = "Xcode 14.0";
			developmentRegion = en;
			hasScannedForEncodings = 0;
			knownRegions = (
				en,
				Base,
				ru,
				"kk-KZ",
			);
			mainGroup = DBA37F882B78E63B00051C51;
			packageReferences = (
				DBA37FC42B78E68300051C51 /* XCRemoteSwiftPackageReference "SwiftyJSON" */,
				DBA37FC72B78E6AA00051C51 /* XCRemoteSwiftPackageReference "Alamofire" */,
				DBA37FCA2B78E98400051C51 /* XCRemoteSwiftPackageReference "SDWebImage" */,
				DBA37FCB2B78E9AD00051C51 /* XCRemoteSwiftPackageReference "SVProgressHUD" */,
				DBA37FCE2B78EA0500051C51 /* XCRemoteSwiftPackageReference "SnapKit" */,
				DBA37FD32B79E86900051C51 /* XCRemoteSwiftPackageReference "Localize-Swift" */,
				DB07DEB62B827DE8001E10C7 /* XCRemoteSwiftPackageReference "keychain-swift" */,
				DB8A7F2E2B85FD9A00B69212 /* XCRemoteSwiftPackageReference "YouTubePlayerKit" */,
			);
			productRefGroup = DBA37F922B78E63B00051C51 /* Products */;
			projectDirPath = "";
			projectRoot = "";
			targets = (
				DBA37F902B78E63B00051C51 /* OzinsheDemo2 */,
				DBA37FA62B78E63C00051C51 /* OzinsheDemo2Tests */,
				DBA37FB02B78E63C00051C51 /* OzinsheDemo2UITests */,
			);
		};
/* End PBXProject section */

/* Begin PBXResourcesBuildPhase section */
		DBA37F8F2B78E63B00051C51 /* Resources */ = {
			isa = PBXResourcesBuildPhase;
			buildActionMask = 2147483647;
			files = (
				DBA37FDE2B79E99900051C51 /* SF-Pro-Display-Medium.otf in Resources */,
				DBA37FD22B78F0B700051C51 /* Localizable.xcstrings in Resources */,
				DBA37F9E2B78E63C00051C51 /* Assets.xcassets in Resources */,
				DBA37FDD2B79E99900051C51 /* SF-Pro-Display-Semibold.otf in Resources */,
				DBA37FDC2B79E99900051C51 /* SF-Pro-Display-Regular.otf in Resources */,
				DBA37FDB2B79E99900051C51 /* SF-Pro-Display-Bold.otf in Resources */,
				DBA37FF02B79F70300051C51 /* Launch Screen.storyboard in Resources */,
			);
			runOnlyForDeploymentPostprocessing = 0;
		};
		DBA37FA52B78E63C00051C51 /* Resources */ = {
			isa = PBXResourcesBuildPhase;
			buildActionMask = 2147483647;
			files = (
			);
			runOnlyForDeploymentPostprocessing = 0;
		};
		DBA37FAF2B78E63C00051C51 /* Resources */ = {
			isa = PBXResourcesBuildPhase;
			buildActionMask = 2147483647;
			files = (
			);
			runOnlyForDeploymentPostprocessing = 0;
		};
/* End PBXResourcesBuildPhase section */

/* Begin PBXSourcesBuildPhase section */
		DBA37F8D2B78E63B00051C51 /* Sources */ = {
			isa = PBXSourcesBuildPhase;
			buildActionMask = 2147483647;
			files = (
				DB8A7F2C2B85DFDA00B69212 /* SeasonSeriesViewController.swift in Sources */,
				DBFDB7B72B7C933D00EA5C69 /* SignInViewController.swift in Sources */,
				DB8A7F352B87401D00B69212 /* CategoryViewController.swift in Sources */,
				DB07DEDC2B835312001E10C7 /* MainBannerCollectionViewCell.swift in Sources */,
				DB8A7F2A2B85DCC200B69212 /* SeriesTableViewCell.swift in Sources */,
				DB07DEBE2B831AEE001E10C7 /* Screenshot.swift in Sources */,
				DB70789B2B7E2E590010BFDA /* URLs.swift in Sources */,
				DBA37F952B78E63B00051C51 /* AppDelegate.swift in Sources */,
				DB07DEBC2B831AC2001E10C7 /* Movie.swift in Sources */,
				DB07DEF42B8526D3001E10C7 /* UILabel + Extension.swift in Sources */,
				DB07DEC22B831B2C001E10C7 /* Genres.swift in Sources */,
				DB07DED02B83289D001E10C7 /* MainMovieCollectionViewCell.swift in Sources */,
				DB70789E2B7E2E950010BFDA /* Storage.swift in Sources */,
				DBFDB7B12B7C8A1100EA5C69 /* Apperance.swift in Sources */,
				DB07DEBA2B831A6F001E10C7 /* AuthService.swift in Sources */,
				DBA37F972B78E63B00051C51 /* SceneDelegate.swift in Sources */,
				DB07DEC02B831B0F001E10C7 /* CategoryAge.swift in Sources */,
				DB07DEC82B831BA7001E10C7 /* BannerMovie.swift in Sources */,
				DB8A7F3B2B87643E00B69212 /* UIImageView + Extension.swift in Sources */,
				DBA37FFC2B7A05D000051C51 /* SearchViewController.swift in Sources */,
				DB07DEDE2B835A83001E10C7 /* MainBannerTableViewCell.swift in Sources */,
				DB07DEE42B8369B4001E10C7 /* AgeGenreCollectionViewCell.swift in Sources */,
				DB7078982B7E1D1E0010BFDA /* UIViewController+Extensions.swift in Sources */,
				DB7078A02B7E2ED90010BFDA /* User.swift in Sources */,
				DBA37FFA2B7A05C000051C51 /* HomeViewController.swift in Sources */,
				DBA380002B7A05EB00051C51 /* ProfileViewController.swift in Sources */,
				DBA37FF82B7A04CD00051C51 /* TabBarController.swift in Sources */,
				DB07DEF22B84C45D001E10C7 /* ItemDidSelect.swift in Sources */,
				DBA37FFE2B7A05DE00051C51 /* FavoritesViewController.swift in Sources */,
				DBA380032B7A390A00051C51 /* SlidesCollectionViewCell.swift in Sources */,
				DB07DEC62B831B8F001E10C7 /* MainMovie.swift in Sources */,
				DB07DED82B833558001E10C7 /* MainMovieTableViewCell.swift in Sources */,
				DB07DEE62B836B3D001E10C7 /* MainAgeGenreTableViewCell.swift in Sources */,
				DB7078962B7DE2730010BFDA /* SignUpViewController.swift in Sources */,
				DBA37FE52B79EA0B00051C51 /* OnboardingViewController.swift in Sources */,
				DB07DEDA2B833AAC001E10C7 /* TopAlignedCollectionView.swift in Sources */,
				DB07DEEE2B83C88E001E10C7 /* SimilarMovieCollectionViewCell.swift in Sources */,
				DBA380052B7A39B800051C51 /* Slides.swift in Sources */,
				DB07DECA2B831BBD001E10C7 /* Series.swift in Sources */,
				DB4E9E782B7BE7760074DAD5 /* CustomGradientView.swift in Sources */,
				DB8A7F332B87398700B69212 /* MovieTableViewCell.swift in Sources */,
				DB07DEC42B831B4B001E10C7 /* Category.swift in Sources */,
				DB07DEF02B83C950001E10C7 /* MovieInfoViewController.swift in Sources */,
				DB07DEEA2B83C5CE001E10C7 /* ScreenshotCollectionViewCell.swift in Sources */,
				DB07DEE02B8364BE001E10C7 /* MainHistoryCollectionViewCell.swift in Sources */,
				DB4D50112B7F859800C684F2 /* DynamicSize.swift in Sources */,
				DB8A7F282B85D87F00B69212 /* SeasonCollectionViewCell.swift in Sources */,
				DB07DEE22B8366BD001E10C7 /* MainHistoryTableViewCell.swift in Sources */,
				DBFDB7B92B7C9A6E00EA5C69 /* UITextfield+Extensions.swift in Sources */,
				DB8A7F372B875D7D00B69212 /* ScreenshotViewController.swift in Sources */,
				DBFDB7AF2B7C8A0700EA5C69 /* Grid.swift in Sources */,
			);
			runOnlyForDeploymentPostprocessing = 0;
		};
		DBA37FA32B78E63C00051C51 /* Sources */ = {
			isa = PBXSourcesBuildPhase;
			buildActionMask = 2147483647;
			files = (
				DBA37FAC2B78E63C00051C51 /* OzinsheDemo2Tests.swift in Sources */,
			);
			runOnlyForDeploymentPostprocessing = 0;
		};
		DBA37FAD2B78E63C00051C51 /* Sources */ = {
			isa = PBXSourcesBuildPhase;
			buildActionMask = 2147483647;
			files = (
				DBA37FB62B78E63C00051C51 /* OzinsheDemo2UITests.swift in Sources */,
				DBA37FB82B78E63C00051C51 /* OzinsheDemo2UITestsLaunchTests.swift in Sources */,
			);
			runOnlyForDeploymentPostprocessing = 0;
		};
/* End PBXSourcesBuildPhase section */

/* Begin PBXTargetDependency section */
		DBA37FA92B78E63C00051C51 /* PBXTargetDependency */ = {
			isa = PBXTargetDependency;
			target = DBA37F902B78E63B00051C51 /* OzinsheDemo2 */;
			targetProxy = DBA37FA82B78E63C00051C51 /* PBXContainerItemProxy */;
		};
		DBA37FB32B78E63C00051C51 /* PBXTargetDependency */ = {
			isa = PBXTargetDependency;
			target = DBA37F902B78E63B00051C51 /* OzinsheDemo2 */;
			targetProxy = DBA37FB22B78E63C00051C51 /* PBXContainerItemProxy */;
		};
/* End PBXTargetDependency section */

/* Begin XCBuildConfiguration section */
		DBA37FB92B78E63C00051C51 /* Debug */ = {
			isa = XCBuildConfiguration;
			buildSettings = {
				ALWAYS_SEARCH_USER_PATHS = NO;
				ASSETCATALOG_COMPILER_GENERATE_SWIFT_ASSET_SYMBOL_EXTENSIONS = YES;
				CLANG_ANALYZER_NONNULL = YES;
				CLANG_ANALYZER_NUMBER_OBJECT_CONVERSION = YES_AGGRESSIVE;
				CLANG_CXX_LANGUAGE_STANDARD = "gnu++20";
				CLANG_ENABLE_MODULES = YES;
				CLANG_ENABLE_OBJC_ARC = YES;
				CLANG_ENABLE_OBJC_WEAK = YES;
				CLANG_WARN_BLOCK_CAPTURE_AUTORELEASING = YES;
				CLANG_WARN_BOOL_CONVERSION = YES;
				CLANG_WARN_COMMA = YES;
				CLANG_WARN_CONSTANT_CONVERSION = YES;
				CLANG_WARN_DEPRECATED_OBJC_IMPLEMENTATIONS = YES;
				CLANG_WARN_DIRECT_OBJC_ISA_USAGE = YES_ERROR;
				CLANG_WARN_DOCUMENTATION_COMMENTS = YES;
				CLANG_WARN_EMPTY_BODY = YES;
				CLANG_WARN_ENUM_CONVERSION = YES;
				CLANG_WARN_INFINITE_RECURSION = YES;
				CLANG_WARN_INT_CONVERSION = YES;
				CLANG_WARN_NON_LITERAL_NULL_CONVERSION = YES;
				CLANG_WARN_OBJC_IMPLICIT_RETAIN_SELF = YES;
				CLANG_WARN_OBJC_LITERAL_CONVERSION = YES;
				CLANG_WARN_OBJC_ROOT_CLASS = YES_ERROR;
				CLANG_WARN_QUOTED_INCLUDE_IN_FRAMEWORK_HEADER = YES;
				CLANG_WARN_RANGE_LOOP_ANALYSIS = YES;
				CLANG_WARN_STRICT_PROTOTYPES = YES;
				CLANG_WARN_SUSPICIOUS_MOVE = YES;
				CLANG_WARN_UNGUARDED_AVAILABILITY = YES_AGGRESSIVE;
				CLANG_WARN_UNREACHABLE_CODE = YES;
				CLANG_WARN__DUPLICATE_METHOD_MATCH = YES;
				COPY_PHASE_STRIP = NO;
				DEBUG_INFORMATION_FORMAT = dwarf;
				ENABLE_STRICT_OBJC_MSGSEND = YES;
				ENABLE_TESTABILITY = YES;
				ENABLE_USER_SCRIPT_SANDBOXING = YES;
				GCC_C_LANGUAGE_STANDARD = gnu17;
				GCC_DYNAMIC_NO_PIC = NO;
				GCC_NO_COMMON_BLOCKS = YES;
				GCC_OPTIMIZATION_LEVEL = 0;
				GCC_PREPROCESSOR_DEFINITIONS = (
					"DEBUG=1",
					"$(inherited)",
				);
				GCC_WARN_64_TO_32_BIT_CONVERSION = YES;
				GCC_WARN_ABOUT_RETURN_TYPE = YES_ERROR;
				GCC_WARN_UNDECLARED_SELECTOR = YES;
				GCC_WARN_UNINITIALIZED_AUTOS = YES_AGGRESSIVE;
				GCC_WARN_UNUSED_FUNCTION = YES;
				GCC_WARN_UNUSED_VARIABLE = YES;
				IPHONEOS_DEPLOYMENT_TARGET = 16.0;
				LOCALIZATION_PREFERS_STRING_CATALOGS = YES;
				MTL_ENABLE_DEBUG_INFO = INCLUDE_SOURCE;
				MTL_FAST_MATH = YES;
				ONLY_ACTIVE_ARCH = YES;
				SDKROOT = iphoneos;
				SWIFT_ACTIVE_COMPILATION_CONDITIONS = "DEBUG $(inherited)";
				SWIFT_OPTIMIZATION_LEVEL = "-Onone";
			};
			name = Debug;
		};
		DBA37FBA2B78E63C00051C51 /* Release */ = {
			isa = XCBuildConfiguration;
			buildSettings = {
				ALWAYS_SEARCH_USER_PATHS = NO;
				ASSETCATALOG_COMPILER_GENERATE_SWIFT_ASSET_SYMBOL_EXTENSIONS = YES;
				CLANG_ANALYZER_NONNULL = YES;
				CLANG_ANALYZER_NUMBER_OBJECT_CONVERSION = YES_AGGRESSIVE;
				CLANG_CXX_LANGUAGE_STANDARD = "gnu++20";
				CLANG_ENABLE_MODULES = YES;
				CLANG_ENABLE_OBJC_ARC = YES;
				CLANG_ENABLE_OBJC_WEAK = YES;
				CLANG_WARN_BLOCK_CAPTURE_AUTORELEASING = YES;
				CLANG_WARN_BOOL_CONVERSION = YES;
				CLANG_WARN_COMMA = YES;
				CLANG_WARN_CONSTANT_CONVERSION = YES;
				CLANG_WARN_DEPRECATED_OBJC_IMPLEMENTATIONS = YES;
				CLANG_WARN_DIRECT_OBJC_ISA_USAGE = YES_ERROR;
				CLANG_WARN_DOCUMENTATION_COMMENTS = YES;
				CLANG_WARN_EMPTY_BODY = YES;
				CLANG_WARN_ENUM_CONVERSION = YES;
				CLANG_WARN_INFINITE_RECURSION = YES;
				CLANG_WARN_INT_CONVERSION = YES;
				CLANG_WARN_NON_LITERAL_NULL_CONVERSION = YES;
				CLANG_WARN_OBJC_IMPLICIT_RETAIN_SELF = YES;
				CLANG_WARN_OBJC_LITERAL_CONVERSION = YES;
				CLANG_WARN_OBJC_ROOT_CLASS = YES_ERROR;
				CLANG_WARN_QUOTED_INCLUDE_IN_FRAMEWORK_HEADER = YES;
				CLANG_WARN_RANGE_LOOP_ANALYSIS = YES;
				CLANG_WARN_STRICT_PROTOTYPES = YES;
				CLANG_WARN_SUSPICIOUS_MOVE = YES;
				CLANG_WARN_UNGUARDED_AVAILABILITY = YES_AGGRESSIVE;
				CLANG_WARN_UNREACHABLE_CODE = YES;
				CLANG_WARN__DUPLICATE_METHOD_MATCH = YES;
				COPY_PHASE_STRIP = NO;
				DEBUG_INFORMATION_FORMAT = "dwarf-with-dsym";
				ENABLE_NS_ASSERTIONS = NO;
				ENABLE_STRICT_OBJC_MSGSEND = YES;
				ENABLE_USER_SCRIPT_SANDBOXING = YES;
				GCC_C_LANGUAGE_STANDARD = gnu17;
				GCC_NO_COMMON_BLOCKS = YES;
				GCC_WARN_64_TO_32_BIT_CONVERSION = YES;
				GCC_WARN_ABOUT_RETURN_TYPE = YES_ERROR;
				GCC_WARN_UNDECLARED_SELECTOR = YES;
				GCC_WARN_UNINITIALIZED_AUTOS = YES_AGGRESSIVE;
				GCC_WARN_UNUSED_FUNCTION = YES;
				GCC_WARN_UNUSED_VARIABLE = YES;
				IPHONEOS_DEPLOYMENT_TARGET = 16.0;
				LOCALIZATION_PREFERS_STRING_CATALOGS = YES;
				MTL_ENABLE_DEBUG_INFO = NO;
				MTL_FAST_MATH = YES;
				SDKROOT = iphoneos;
				SWIFT_COMPILATION_MODE = wholemodule;
				VALIDATE_PRODUCT = YES;
			};
			name = Release;
		};
		DBA37FBC2B78E63C00051C51 /* Debug */ = {
			isa = XCBuildConfiguration;
			buildSettings = {
				ASSETCATALOG_COMPILER_APPICON_NAME = AppIcon;
				ASSETCATALOG_COMPILER_GLOBAL_ACCENT_COLOR_NAME = AccentColor;
				CODE_SIGN_STYLE = Automatic;
				CURRENT_PROJECT_VERSION = 1;
				ENABLE_USER_SCRIPT_SANDBOXING = NO;
				GENERATE_INFOPLIST_FILE = YES;
				INFOPLIST_FILE = OzinsheDemo2/Info.plist;
				INFOPLIST_KEY_UIApplicationSupportsIndirectInputEvents = YES;
				INFOPLIST_KEY_UILaunchStoryboardName = "Launch Screen.storyboard";
				INFOPLIST_KEY_UIMainStoryboardFile = "";
				INFOPLIST_KEY_UIStatusBarStyle = "";
				INFOPLIST_KEY_UISupportedInterfaceOrientations = UIInterfaceOrientationPortrait;
				INFOPLIST_KEY_UISupportedInterfaceOrientations_iPad = "UIInterfaceOrientationLandscapeLeft UIInterfaceOrientationLandscapeRight UIInterfaceOrientationPortrait UIInterfaceOrientationPortraitUpsideDown";
				IPHONEOS_DEPLOYMENT_TARGET = 16.0;
				LD_RUNPATH_SEARCH_PATHS = (
					"$(inherited)",
					"@executable_path/Frameworks",
				);
				MARKETING_VERSION = 1.0;
				PRODUCT_BUNDLE_IDENTIFIER = Aset.OzinsheDemo2;
				PRODUCT_NAME = "$(TARGET_NAME)";
				SUPPORTED_PLATFORMS = "iphoneos iphonesimulator";
				SUPPORTS_MACCATALYST = NO;
				SUPPORTS_MAC_DESIGNED_FOR_IPHONE_IPAD = NO;
				SUPPORTS_XR_DESIGNED_FOR_IPHONE_IPAD = NO;
				SWIFT_EMIT_LOC_STRINGS = YES;
				SWIFT_VERSION = 5.0;
				TARGETED_DEVICE_FAMILY = 1;
			};
			name = Debug;
		};
		DBA37FBD2B78E63C00051C51 /* Release */ = {
			isa = XCBuildConfiguration;
			buildSettings = {
				ASSETCATALOG_COMPILER_APPICON_NAME = AppIcon;
				ASSETCATALOG_COMPILER_GLOBAL_ACCENT_COLOR_NAME = AccentColor;
				CODE_SIGN_STYLE = Automatic;
				CURRENT_PROJECT_VERSION = 1;
				ENABLE_USER_SCRIPT_SANDBOXING = NO;
				GENERATE_INFOPLIST_FILE = YES;
				INFOPLIST_FILE = OzinsheDemo2/Info.plist;
				INFOPLIST_KEY_UIApplicationSupportsIndirectInputEvents = YES;
				INFOPLIST_KEY_UILaunchStoryboardName = "Launch Screen.storyboard";
				INFOPLIST_KEY_UIMainStoryboardFile = "";
				INFOPLIST_KEY_UIStatusBarStyle = "";
				INFOPLIST_KEY_UISupportedInterfaceOrientations = UIInterfaceOrientationPortrait;
				INFOPLIST_KEY_UISupportedInterfaceOrientations_iPad = "UIInterfaceOrientationLandscapeLeft UIInterfaceOrientationLandscapeRight UIInterfaceOrientationPortrait UIInterfaceOrientationPortraitUpsideDown";
				IPHONEOS_DEPLOYMENT_TARGET = 16.0;
				LD_RUNPATH_SEARCH_PATHS = (
					"$(inherited)",
					"@executable_path/Frameworks",
				);
				MARKETING_VERSION = 1.0;
				PRODUCT_BUNDLE_IDENTIFIER = Aset.OzinsheDemo2;
				PRODUCT_NAME = "$(TARGET_NAME)";
				SUPPORTED_PLATFORMS = "iphoneos iphonesimulator";
				SUPPORTS_MACCATALYST = NO;
				SUPPORTS_MAC_DESIGNED_FOR_IPHONE_IPAD = NO;
				SUPPORTS_XR_DESIGNED_FOR_IPHONE_IPAD = NO;
				SWIFT_EMIT_LOC_STRINGS = YES;
				SWIFT_VERSION = 5.0;
				TARGETED_DEVICE_FAMILY = 1;
			};
			name = Release;
		};
		DBA37FBF2B78E63C00051C51 /* Debug */ = {
			isa = XCBuildConfiguration;
			buildSettings = {
				ALWAYS_EMBED_SWIFT_STANDARD_LIBRARIES = YES;
				BUNDLE_LOADER = "$(TEST_HOST)";
				CODE_SIGN_STYLE = Automatic;
				CURRENT_PROJECT_VERSION = 1;
				GENERATE_INFOPLIST_FILE = YES;
				IPHONEOS_DEPLOYMENT_TARGET = 17.2;
				MARKETING_VERSION = 1.0;
				PRODUCT_BUNDLE_IDENTIFIER = Aset.OzinsheDemo2Tests;
				PRODUCT_NAME = "$(TARGET_NAME)";
				SWIFT_EMIT_LOC_STRINGS = NO;
				SWIFT_VERSION = 5.0;
				TARGETED_DEVICE_FAMILY = "1,2";
				TEST_HOST = "$(BUILT_PRODUCTS_DIR)/OzinsheDemo2.app/$(BUNDLE_EXECUTABLE_FOLDER_PATH)/OzinsheDemo2";
			};
			name = Debug;
		};
		DBA37FC02B78E63C00051C51 /* Release */ = {
			isa = XCBuildConfiguration;
			buildSettings = {
				ALWAYS_EMBED_SWIFT_STANDARD_LIBRARIES = YES;
				BUNDLE_LOADER = "$(TEST_HOST)";
				CODE_SIGN_STYLE = Automatic;
				CURRENT_PROJECT_VERSION = 1;
				GENERATE_INFOPLIST_FILE = YES;
				IPHONEOS_DEPLOYMENT_TARGET = 17.2;
				MARKETING_VERSION = 1.0;
				PRODUCT_BUNDLE_IDENTIFIER = Aset.OzinsheDemo2Tests;
				PRODUCT_NAME = "$(TARGET_NAME)";
				SWIFT_EMIT_LOC_STRINGS = NO;
				SWIFT_VERSION = 5.0;
				TARGETED_DEVICE_FAMILY = "1,2";
				TEST_HOST = "$(BUILT_PRODUCTS_DIR)/OzinsheDemo2.app/$(BUNDLE_EXECUTABLE_FOLDER_PATH)/OzinsheDemo2";
			};
			name = Release;
		};
		DBA37FC22B78E63C00051C51 /* Debug */ = {
			isa = XCBuildConfiguration;
			buildSettings = {
				ALWAYS_EMBED_SWIFT_STANDARD_LIBRARIES = YES;
				CODE_SIGN_STYLE = Automatic;
				CURRENT_PROJECT_VERSION = 1;
				GENERATE_INFOPLIST_FILE = YES;
				MARKETING_VERSION = 1.0;
				PRODUCT_BUNDLE_IDENTIFIER = Aset.OzinsheDemo2UITests;
				PRODUCT_NAME = "$(TARGET_NAME)";
				SWIFT_EMIT_LOC_STRINGS = NO;
				SWIFT_VERSION = 5.0;
				TARGETED_DEVICE_FAMILY = "1,2";
				TEST_TARGET_NAME = OzinsheDemo2;
			};
			name = Debug;
		};
		DBA37FC32B78E63C00051C51 /* Release */ = {
			isa = XCBuildConfiguration;
			buildSettings = {
				ALWAYS_EMBED_SWIFT_STANDARD_LIBRARIES = YES;
				CODE_SIGN_STYLE = Automatic;
				CURRENT_PROJECT_VERSION = 1;
				GENERATE_INFOPLIST_FILE = YES;
				MARKETING_VERSION = 1.0;
				PRODUCT_BUNDLE_IDENTIFIER = Aset.OzinsheDemo2UITests;
				PRODUCT_NAME = "$(TARGET_NAME)";
				SWIFT_EMIT_LOC_STRINGS = NO;
				SWIFT_VERSION = 5.0;
				TARGETED_DEVICE_FAMILY = "1,2";
				TEST_TARGET_NAME = OzinsheDemo2;
			};
			name = Release;
		};
/* End XCBuildConfiguration section */

/* Begin XCConfigurationList section */
		DBA37F8C2B78E63B00051C51 /* Build configuration list for PBXProject "OzinsheDemo2" */ = {
			isa = XCConfigurationList;
			buildConfigurations = (
				DBA37FB92B78E63C00051C51 /* Debug */,
				DBA37FBA2B78E63C00051C51 /* Release */,
			);
			defaultConfigurationIsVisible = 0;
			defaultConfigurationName = Release;
		};
		DBA37FBB2B78E63C00051C51 /* Build configuration list for PBXNativeTarget "OzinsheDemo2" */ = {
			isa = XCConfigurationList;
			buildConfigurations = (
				DBA37FBC2B78E63C00051C51 /* Debug */,
				DBA37FBD2B78E63C00051C51 /* Release */,
			);
			defaultConfigurationIsVisible = 0;
			defaultConfigurationName = Release;
		};
		DBA37FBE2B78E63C00051C51 /* Build configuration list for PBXNativeTarget "OzinsheDemo2Tests" */ = {
			isa = XCConfigurationList;
			buildConfigurations = (
				DBA37FBF2B78E63C00051C51 /* Debug */,
				DBA37FC02B78E63C00051C51 /* Release */,
			);
			defaultConfigurationIsVisible = 0;
			defaultConfigurationName = Release;
		};
		DBA37FC12B78E63C00051C51 /* Build configuration list for PBXNativeTarget "OzinsheDemo2UITests" */ = {
			isa = XCConfigurationList;
			buildConfigurations = (
				DBA37FC22B78E63C00051C51 /* Debug */,
				DBA37FC32B78E63C00051C51 /* Release */,
			);
			defaultConfigurationIsVisible = 0;
			defaultConfigurationName = Release;
		};
/* End XCConfigurationList section */

/* Begin XCRemoteSwiftPackageReference section */
		DB07DEB62B827DE8001E10C7 /* XCRemoteSwiftPackageReference "keychain-swift" */ = {
			isa = XCRemoteSwiftPackageReference;
			repositoryURL = "https://github.com/evgenyneu/keychain-swift.git";
			requirement = {
				kind = upToNextMajorVersion;
				minimumVersion = 21.0.0;
			};
		};
		DB8A7F2E2B85FD9A00B69212 /* XCRemoteSwiftPackageReference "YouTubePlayerKit" */ = {
			isa = XCRemoteSwiftPackageReference;
			repositoryURL = "https://github.com/SvenTiigi/YouTubePlayerKit.git";
			requirement = {
				kind = upToNextMajorVersion;
				minimumVersion = 1.7.0;
			};
		};
		DBA37FC42B78E68300051C51 /* XCRemoteSwiftPackageReference "SwiftyJSON" */ = {
			isa = XCRemoteSwiftPackageReference;
			repositoryURL = "https://github.com/SwiftyJSON/SwiftyJSON";
			requirement = {
				kind = upToNextMajorVersion;
				minimumVersion = 5.0.1;
			};
		};
		DBA37FC72B78E6AA00051C51 /* XCRemoteSwiftPackageReference "Alamofire" */ = {
			isa = XCRemoteSwiftPackageReference;
			repositoryURL = "https://github.com/Alamofire/Alamofire";
			requirement = {
				kind = upToNextMajorVersion;
				minimumVersion = 5.8.1;
			};
		};
		DBA37FCA2B78E98400051C51 /* XCRemoteSwiftPackageReference "SDWebImage" */ = {
			isa = XCRemoteSwiftPackageReference;
			repositoryURL = "https://github.com/SDWebImage/SDWebImage.git";
			requirement = {
				kind = upToNextMajorVersion;
				minimumVersion = 5.18.10;
			};
		};
		DBA37FCB2B78E9AD00051C51 /* XCRemoteSwiftPackageReference "SVProgressHUD" */ = {
			isa = XCRemoteSwiftPackageReference;
			repositoryURL = "https://github.com/SVProgressHUD/SVProgressHUD.git";
			requirement = {
				kind = upToNextMajorVersion;
				minimumVersion = 2.3.1;
			};
		};
		DBA37FCE2B78EA0500051C51 /* XCRemoteSwiftPackageReference "SnapKit" */ = {
			isa = XCRemoteSwiftPackageReference;
			repositoryURL = "https://github.com/SnapKit/SnapKit.git";
			requirement = {
				kind = upToNextMajorVersion;
				minimumVersion = 5.7.0;
			};
		};
		DBA37FD32B79E86900051C51 /* XCRemoteSwiftPackageReference "Localize-Swift" */ = {
			isa = XCRemoteSwiftPackageReference;
			repositoryURL = "https://github.com/marmelroy/Localize-Swift.git";
			requirement = {
				kind = upToNextMajorVersion;
				minimumVersion = 3.2.0;
			};
		};
/* End XCRemoteSwiftPackageReference section */

/* Begin XCSwiftPackageProductDependency section */
		DB07DEB72B827DE8001E10C7 /* KeychainSwift */ = {
			isa = XCSwiftPackageProductDependency;
			package = DB07DEB62B827DE8001E10C7 /* XCRemoteSwiftPackageReference "keychain-swift" */;
			productName = KeychainSwift;
		};
		DB8A7F2F2B85FD9B00B69212 /* YouTubePlayerKit */ = {
			isa = XCSwiftPackageProductDependency;
			package = DB8A7F2E2B85FD9A00B69212 /* XCRemoteSwiftPackageReference "YouTubePlayerKit" */;
			productName = YouTubePlayerKit;
		};
		DBA37FC52B78E68300051C51 /* SwiftyJSON */ = {
			isa = XCSwiftPackageProductDependency;
			package = DBA37FC42B78E68300051C51 /* XCRemoteSwiftPackageReference "SwiftyJSON" */;
			productName = SwiftyJSON;
		};
		DBA37FC82B78E6AA00051C51 /* Alamofire */ = {
			isa = XCSwiftPackageProductDependency;
			package = DBA37FC72B78E6AA00051C51 /* XCRemoteSwiftPackageReference "Alamofire" */;
			productName = Alamofire;
		};
		DBA37FCC2B78E9AD00051C51 /* SVProgressHUD */ = {
			isa = XCSwiftPackageProductDependency;
			package = DBA37FCB2B78E9AD00051C51 /* XCRemoteSwiftPackageReference "SVProgressHUD" */;
			productName = SVProgressHUD;
		};
		DBA37FD42B79E86900051C51 /* Localize_Swift */ = {
			isa = XCSwiftPackageProductDependency;
			package = DBA37FD32B79E86900051C51 /* XCRemoteSwiftPackageReference "Localize-Swift" */;
			productName = Localize_Swift;
		};
		DBA37FE72B79EABB00051C51 /* SnapKit */ = {
			isa = XCSwiftPackageProductDependency;
			package = DBA37FCE2B78EA0500051C51 /* XCRemoteSwiftPackageReference "SnapKit" */;
			productName = SnapKit;
		};
		DBA37FE92B79EAD100051C51 /* SnapKit-Dynamic */ = {
			isa = XCSwiftPackageProductDependency;
			package = DBA37FCE2B78EA0500051C51 /* XCRemoteSwiftPackageReference "SnapKit" */;
			productName = "SnapKit-Dynamic";
		};
		DBA37FED2B79EAE200051C51 /* SDWebImage */ = {
			isa = XCSwiftPackageProductDependency;
			package = DBA37FCA2B78E98400051C51 /* XCRemoteSwiftPackageReference "SDWebImage" */;
			productName = SDWebImage;
		};
/* End XCSwiftPackageProductDependency section */
	};
	rootObject = DBA37F892B78E63B00051C51 /* Project object */;
}
